// !$*UTF8*$!
{
	archiveVersion = 1;
	classes = {
	};
	objectVersion = 56;
	objects = {

/* Begin PBXBuildFile section */
		E701B7B129F4900000E8EADC /* String+Helper.swift in Sources */ = {isa = PBXBuildFile; fileRef = E701B7B029F4900000E8EADC /* String+Helper.swift */; };
		E701B7B429F4A1B800E8EADC /* DetailItem.swift in Sources */ = {isa = PBXBuildFile; fileRef = E701B7B329F4A1B800E8EADC /* DetailItem.swift */; };
		E701B7B629F4A1F000E8EADC /* DetailPresentable.swift in Sources */ = {isa = PBXBuildFile; fileRef = E701B7B529F4A1F000E8EADC /* DetailPresentable.swift */; };
		E701B7B929F4B88400E8EADC /* ErrorView.swift in Sources */ = {isa = PBXBuildFile; fileRef = E701B7B829F4B88400E8EADC /* ErrorView.swift */; };
		E701B7BB29F4C08B00E8EADC /* .github in Resources */ = {isa = PBXBuildFile; fileRef = E701B7BA29F4C08B00E8EADC /* .github */; };
		E701B7C029F4C3C900E8EADC /* fastlane in Resources */ = {isa = PBXBuildFile; fileRef = E701B7BF29F4C3C900E8EADC /* fastlane */; };
		E701B7C429F4DC2600E8EADC /* .gitignore in Resources */ = {isa = PBXBuildFile; fileRef = E701B7C329F4DC2600E8EADC /* .gitignore */; };
		E72213CE29F40A1B007557C8 /* MockIceAndFireService.swift in Sources */ = {isa = PBXBuildFile; fileRef = E778193329F35D5500B3AF36 /* MockIceAndFireService.swift */; };
		E72213CF29F40DA5007557C8 /* House+Mock.swift in Sources */ = {isa = PBXBuildFile; fileRef = E778193529F361AE00B3AF36 /* House+Mock.swift */; };
		E72213D629F40E76007557C8 /* Character+Mock.swift in Sources */ = {isa = PBXBuildFile; fileRef = E778193729F3634500B3AF36 /* Character+Mock.swift */; };
		E72213E229F41B97007557C8 /* View+Alignment.swift in Sources */ = {isa = PBXBuildFile; fileRef = E72213E129F41B97007557C8 /* View+Alignment.swift */; };
		E72213E429F41C82007557C8 /* RequestError+Presentation.swift in Sources */ = {isa = PBXBuildFile; fileRef = E72213E329F41C82007557C8 /* RequestError+Presentation.swift */; };
		E72213E629F427B9007557C8 /* HouseDetails.swift in Sources */ = {isa = PBXBuildFile; fileRef = E72213E529F427B9007557C8 /* HouseDetails.swift */; };
		E72213E829F46767007557C8 /* Future+Async.swift in Sources */ = {isa = PBXBuildFile; fileRef = E72213E729F46767007557C8 /* Future+Async.swift */; };
		E72213EA29F4678E007557C8 /* Result+Helper.swift in Sources */ = {isa = PBXBuildFile; fileRef = E72213E929F4678E007557C8 /* Result+Helper.swift */; };
		E72213EC29F46810007557C8 /* ContentState.swift in Sources */ = {isa = PBXBuildFile; fileRef = E72213EB29F46810007557C8 /* ContentState.swift */; };
		E72213EE29F46BEF007557C8 /* HouseDetailViewModelTests.swift in Sources */ = {isa = PBXBuildFile; fileRef = E72213ED29F46BEF007557C8 /* HouseDetailViewModelTests.swift */; };
		E722145E29F475C5007557C8 /* character49.json in Resources */ = {isa = PBXBuildFile; fileRef = E72213FA29F46E26007557C8 /* character49.json */; };
		E722145F29F475C5007557C8 /* character93.json in Resources */ = {isa = PBXBuildFile; fileRef = E72213F829F46E23007557C8 /* character93.json */; };
		E722146029F475C5007557C8 /* character1655.json in Resources */ = {isa = PBXBuildFile; fileRef = E722140629F47183007557C8 /* character1655.json */; };
		E722146129F475C5007557C8 /* character92.json in Resources */ = {isa = PBXBuildFile; fileRef = E72213F929F46E24007557C8 /* character92.json */; };
		E722146229F475C5007557C8 /* character688.json in Resources */ = {isa = PBXBuildFile; fileRef = E722140029F46EB2007557C8 /* character688.json */; };
		E722146329F475C5007557C8 /* character1884.json in Resources */ = {isa = PBXBuildFile; fileRef = E722140829F471A5007557C8 /* character1884.json */; };
		E722146429F475C5007557C8 /* character356.json in Resources */ = {isa = PBXBuildFile; fileRef = E72213F329F46E1C007557C8 /* character356.json */; };
		E722146529F475C5007557C8 /* character558.json in Resources */ = {isa = PBXBuildFile; fileRef = E722140229F46EB4007557C8 /* character558.json */; };
		E722146629F475C5007557C8 /* character107.json in Resources */ = {isa = PBXBuildFile; fileRef = E72213F729F46E21007557C8 /* character107.json */; };
		E722146729F475C5007557C8 /* character572.json in Resources */ = {isa = PBXBuildFile; fileRef = E722140129F46EB3007557C8 /* character572.json */; };
		E722146829F475C5007557C8 /* character477.json in Resources */ = {isa = PBXBuildFile; fileRef = E72213EF29F46D2F007557C8 /* character477.json */; };
		E722146929F475C5007557C8 /* character265.json in Resources */ = {isa = PBXBuildFile; fileRef = E72213F529F46E1F007557C8 /* character265.json */; };
		E722146A29F475C5007557C8 /* character894.json in Resources */ = {isa = PBXBuildFile; fileRef = E72213D229F40DDA007557C8 /* character894.json */; };
		E722146B29F475C5007557C8 /* character1193.json in Resources */ = {isa = PBXBuildFile; fileRef = E72213FE29F46EAF007557C8 /* character1193.json */; };
		E722146C29F475C5007557C8 /* character144.json in Resources */ = {isa = PBXBuildFile; fileRef = E72213FC29F46E2A007557C8 /* character144.json */; };
		E722146D29F475C5007557C8 /* character1693.json in Resources */ = {isa = PBXBuildFile; fileRef = E722140529F47181007557C8 /* character1693.json */; };
		E722146E29F475C5007557C8 /* character1068.json in Resources */ = {isa = PBXBuildFile; fileRef = E72213FF29F46EB0007557C8 /* character1068.json */; };
		E722146F29F475C5007557C8 /* character1443.json in Resources */ = {isa = PBXBuildFile; fileRef = E722140729F47184007557C8 /* character1443.json */; };
		E722147029F475C5007557C8 /* character300.json in Resources */ = {isa = PBXBuildFile; fileRef = E72213F429F46E1D007557C8 /* character300.json */; };
		E722147129F475C5007557C8 /* characters.json in Resources */ = {isa = PBXBuildFile; fileRef = E72213D329F40DDA007557C8 /* characters.json */; };
		E722147229F475C5007557C8 /* character1715.json in Resources */ = {isa = PBXBuildFile; fileRef = E722140429F47180007557C8 /* character1715.json */; };
		E722147329F475C5007557C8 /* character1280.json in Resources */ = {isa = PBXBuildFile; fileRef = E72213FD29F46EAE007557C8 /* character1280.json */; };
		E722147429F475C5007557C8 /* character508.json in Resources */ = {isa = PBXBuildFile; fileRef = E72213F229F46E1B007557C8 /* character508.json */; };
		E722147529F475C5007557C8 /* character548.json in Resources */ = {isa = PBXBuildFile; fileRef = E722140329F46EB6007557C8 /* character548.json */; };
		E722147629F475C5007557C8 /* character540.json in Resources */ = {isa = PBXBuildFile; fileRef = E72213F129F46E1A007557C8 /* character540.json */; };
		E722147729F475C5007557C8 /* character223.json in Resources */ = {isa = PBXBuildFile; fileRef = E72213F629F46E20007557C8 /* character223.json */; };
		E722147829F475CD007557C8 /* houses_page2.json in Resources */ = {isa = PBXBuildFile; fileRef = E72213D529F40DDA007557C8 /* houses_page2.json */; };
		E722147929F475CD007557C8 /* house16.json in Resources */ = {isa = PBXBuildFile; fileRef = E72213F029F46DBB007557C8 /* house16.json */; };
		E722147A29F475CD007557C8 /* house7.json in Resources */ = {isa = PBXBuildFile; fileRef = E72213D429F40DDA007557C8 /* house7.json */; };
		E722147B29F475CD007557C8 /* house6.json in Resources */ = {isa = PBXBuildFile; fileRef = E72213FB29F46E28007557C8 /* house6.json */; };
		E722147C29F475CD007557C8 /* houses_page1.json in Resources */ = {isa = PBXBuildFile; fileRef = E72213D129F40DDA007557C8 /* houses_page1.json */; };
		E77818CD29F3140F00B3AF36 /* IceAndFireApp.swift in Sources */ = {isa = PBXBuildFile; fileRef = E77818CC29F3140F00B3AF36 /* IceAndFireApp.swift */; };
		E77818D129F3141200B3AF36 /* Assets.xcassets in Resources */ = {isa = PBXBuildFile; fileRef = E77818D029F3141200B3AF36 /* Assets.xcassets */; };
		E77818E829F3141300B3AF36 /* IceAndFireUITests.swift in Sources */ = {isa = PBXBuildFile; fileRef = E77818E729F3141300B3AF36 /* IceAndFireUITests.swift */; };
		E77818FB29F3145900B3AF36 /* House.swift in Sources */ = {isa = PBXBuildFile; fileRef = E77818F629F3145900B3AF36 /* House.swift */; };
		E77818FC29F3145900B3AF36 /* HouseDetailView.swift in Sources */ = {isa = PBXBuildFile; fileRef = E77818F729F3145900B3AF36 /* HouseDetailView.swift */; };
		E77818FD29F3145900B3AF36 /* Character.swift in Sources */ = {isa = PBXBuildFile; fileRef = E77818F829F3145900B3AF36 /* Character.swift */; };
		E77818FE29F3145900B3AF36 /* IceAndFireService.swift in Sources */ = {isa = PBXBuildFile; fileRef = E77818F929F3145900B3AF36 /* IceAndFireService.swift */; };
		E77818FF29F3145900B3AF36 /* HousesListView.swift in Sources */ = {isa = PBXBuildFile; fileRef = E77818FA29F3145900B3AF36 /* HousesListView.swift */; };
		E778190829F3146600B3AF36 /* CharacterTests.swift in Sources */ = {isa = PBXBuildFile; fileRef = E778190029F3146600B3AF36 /* CharacterTests.swift */; };
		E778190D29F3146600B3AF36 /* HouseTests.swift in Sources */ = {isa = PBXBuildFile; fileRef = E778190629F3146600B3AF36 /* HouseTests.swift */; };
		E778190E29F3146600B3AF36 /* IceAndFireServiceTests.swift in Sources */ = {isa = PBXBuildFile; fileRef = E778190729F3146600B3AF36 /* IceAndFireServiceTests.swift */; };
		E778191129F31B1E00B3AF36 /* HTTPMethod.swift in Sources */ = {isa = PBXBuildFile; fileRef = E778190F29F31B1E00B3AF36 /* HTTPMethod.swift */; };
		E778191229F31B1E00B3AF36 /* HTTPClient.swift in Sources */ = {isa = PBXBuildFile; fileRef = E778191029F31B1E00B3AF36 /* HTTPClient.swift */; };
		E778191529F31D4600B3AF36 /* MockURL.swift in Sources */ = {isa = PBXBuildFile; fileRef = E778191429F31D4600B3AF36 /* MockURL.swift */; };
		E778191B29F32B5900B3AF36 /* HTTPClientTests.swift in Sources */ = {isa = PBXBuildFile; fileRef = E778191A29F32B5900B3AF36 /* HTTPClientTests.swift */; };
		E778192629F33ABC00B3AF36 /* HousesListViewModel.swift in Sources */ = {isa = PBXBuildFile; fileRef = E778192529F33ABC00B3AF36 /* HousesListViewModel.swift */; };
		E778192829F33AC500B3AF36 /* HouseDetailViewModel.swift in Sources */ = {isa = PBXBuildFile; fileRef = E778192729F33AC500B3AF36 /* HouseDetailViewModel.swift */; };
		E778192B29F34CF100B3AF36 /* String+Regex.swift in Sources */ = {isa = PBXBuildFile; fileRef = E778192A29F34CF100B3AF36 /* String+Regex.swift */; };
		E778193229F35CEF00B3AF36 /* HousesListViewModelTests.swift in Sources */ = {isa = PBXBuildFile; fileRef = E778193129F35CEF00B3AF36 /* HousesListViewModelTests.swift */; };
/* End PBXBuildFile section */

/* Begin PBXContainerItemProxy section */
		E77818DA29F3141300B3AF36 /* PBXContainerItemProxy */ = {
			isa = PBXContainerItemProxy;
			containerPortal = E77818C129F3140F00B3AF36 /* Project object */;
			proxyType = 1;
			remoteGlobalIDString = E77818C829F3140F00B3AF36;
			remoteInfo = IceAndFire;
		};
		E77818E429F3141300B3AF36 /* PBXContainerItemProxy */ = {
			isa = PBXContainerItemProxy;
			containerPortal = E77818C129F3140F00B3AF36 /* Project object */;
			proxyType = 1;
			remoteGlobalIDString = E77818C829F3140F00B3AF36;
			remoteInfo = IceAndFire;
		};
/* End PBXContainerItemProxy section */

/* Begin PBXFileReference section */
		E701B7AF29F482AA00E8EADC /* IceAndFire.xctestplan */ = {isa = PBXFileReference; lastKnownFileType = text; path = IceAndFire.xctestplan; sourceTree = "<group>"; };
		E701B7B029F4900000E8EADC /* String+Helper.swift */ = {isa = PBXFileReference; lastKnownFileType = sourcecode.swift; path = "String+Helper.swift"; sourceTree = "<group>"; };
		E701B7B329F4A1B800E8EADC /* DetailItem.swift */ = {isa = PBXFileReference; lastKnownFileType = sourcecode.swift; path = DetailItem.swift; sourceTree = "<group>"; };
		E701B7B529F4A1F000E8EADC /* DetailPresentable.swift */ = {isa = PBXFileReference; lastKnownFileType = sourcecode.swift; path = DetailPresentable.swift; sourceTree = "<group>"; };
		E701B7B829F4B88400E8EADC /* ErrorView.swift */ = {isa = PBXFileReference; lastKnownFileType = sourcecode.swift; path = ErrorView.swift; sourceTree = "<group>"; };
		E701B7BA29F4C08B00E8EADC /* .github */ = {isa = PBXFileReference; lastKnownFileType = folder; name = .github; path = ../.github; sourceTree = "<group>"; };
		E701B7BF29F4C3C900E8EADC /* fastlane */ = {isa = PBXFileReference; lastKnownFileType = folder; name = fastlane; path = ../fastlane; sourceTree = "<group>"; };
		E701B7C329F4DC2600E8EADC /* .gitignore */ = {isa = PBXFileReference; fileEncoding = 4; lastKnownFileType = text; name = .gitignore; path = ../.gitignore; sourceTree = "<group>"; };
		E72213D129F40DDA007557C8 /* houses_page1.json */ = {isa = PBXFileReference; lastKnownFileType = text.json; path = houses_page1.json; sourceTree = "<group>"; };
		E72213D229F40DDA007557C8 /* character894.json */ = {isa = PBXFileReference; lastKnownFileType = text.json; path = character894.json; sourceTree = "<group>"; };
		E72213D329F40DDA007557C8 /* characters.json */ = {isa = PBXFileReference; lastKnownFileType = text.json; path = characters.json; sourceTree = "<group>"; };
		E72213D429F40DDA007557C8 /* house7.json */ = {isa = PBXFileReference; lastKnownFileType = text.json; path = house7.json; sourceTree = "<group>"; };
		E72213D529F40DDA007557C8 /* houses_page2.json */ = {isa = PBXFileReference; lastKnownFileType = text.json; path = houses_page2.json; sourceTree = "<group>"; };
		E72213E129F41B97007557C8 /* View+Alignment.swift */ = {isa = PBXFileReference; lastKnownFileType = sourcecode.swift; path = "View+Alignment.swift"; sourceTree = "<group>"; };
		E72213E329F41C82007557C8 /* RequestError+Presentation.swift */ = {isa = PBXFileReference; lastKnownFileType = sourcecode.swift; path = "RequestError+Presentation.swift"; sourceTree = "<group>"; };
		E72213E529F427B9007557C8 /* HouseDetails.swift */ = {isa = PBXFileReference; lastKnownFileType = sourcecode.swift; path = HouseDetails.swift; sourceTree = "<group>"; };
		E72213E729F46767007557C8 /* Future+Async.swift */ = {isa = PBXFileReference; lastKnownFileType = sourcecode.swift; path = "Future+Async.swift"; sourceTree = "<group>"; };
		E72213E929F4678E007557C8 /* Result+Helper.swift */ = {isa = PBXFileReference; lastKnownFileType = sourcecode.swift; path = "Result+Helper.swift"; sourceTree = "<group>"; };
		E72213EB29F46810007557C8 /* ContentState.swift */ = {isa = PBXFileReference; lastKnownFileType = sourcecode.swift; path = ContentState.swift; sourceTree = "<group>"; };
		E72213ED29F46BEF007557C8 /* HouseDetailViewModelTests.swift */ = {isa = PBXFileReference; lastKnownFileType = sourcecode.swift; path = HouseDetailViewModelTests.swift; sourceTree = "<group>"; };
		E72213EF29F46D2F007557C8 /* character477.json */ = {isa = PBXFileReference; lastKnownFileType = text.json; path = character477.json; sourceTree = "<group>"; };
		E72213F029F46DBB007557C8 /* house16.json */ = {isa = PBXFileReference; lastKnownFileType = text.json; path = house16.json; sourceTree = "<group>"; };
		E72213F129F46E1A007557C8 /* character540.json */ = {isa = PBXFileReference; lastKnownFileType = text.json; path = character540.json; sourceTree = "<group>"; };
		E72213F229F46E1B007557C8 /* character508.json */ = {isa = PBXFileReference; lastKnownFileType = text.json; path = character508.json; sourceTree = "<group>"; };
		E72213F329F46E1C007557C8 /* character356.json */ = {isa = PBXFileReference; lastKnownFileType = text.json; path = character356.json; sourceTree = "<group>"; };
		E72213F429F46E1D007557C8 /* character300.json */ = {isa = PBXFileReference; lastKnownFileType = text.json; path = character300.json; sourceTree = "<group>"; };
		E72213F529F46E1F007557C8 /* character265.json */ = {isa = PBXFileReference; lastKnownFileType = text.json; path = character265.json; sourceTree = "<group>"; };
		E72213F629F46E20007557C8 /* character223.json */ = {isa = PBXFileReference; lastKnownFileType = text.json; path = character223.json; sourceTree = "<group>"; };
		E72213F729F46E21007557C8 /* character107.json */ = {isa = PBXFileReference; lastKnownFileType = text.json; path = character107.json; sourceTree = "<group>"; };
		E72213F829F46E23007557C8 /* character93.json */ = {isa = PBXFileReference; lastKnownFileType = text.json; path = character93.json; sourceTree = "<group>"; };
		E72213F929F46E24007557C8 /* character92.json */ = {isa = PBXFileReference; lastKnownFileType = text.json; path = character92.json; sourceTree = "<group>"; };
		E72213FA29F46E26007557C8 /* character49.json */ = {isa = PBXFileReference; lastKnownFileType = text.json; path = character49.json; sourceTree = "<group>"; };
		E72213FB29F46E28007557C8 /* house6.json */ = {isa = PBXFileReference; lastKnownFileType = text.json; path = house6.json; sourceTree = "<group>"; };
		E72213FC29F46E2A007557C8 /* character144.json */ = {isa = PBXFileReference; lastKnownFileType = text.json; path = character144.json; sourceTree = "<group>"; };
		E72213FD29F46EAE007557C8 /* character1280.json */ = {isa = PBXFileReference; lastKnownFileType = text.json; path = character1280.json; sourceTree = "<group>"; };
		E72213FE29F46EAF007557C8 /* character1193.json */ = {isa = PBXFileReference; lastKnownFileType = text.json; path = character1193.json; sourceTree = "<group>"; };
		E72213FF29F46EB0007557C8 /* character1068.json */ = {isa = PBXFileReference; lastKnownFileType = text.json; path = character1068.json; sourceTree = "<group>"; };
		E722140029F46EB2007557C8 /* character688.json */ = {isa = PBXFileReference; lastKnownFileType = text.json; path = character688.json; sourceTree = "<group>"; };
		E722140129F46EB3007557C8 /* character572.json */ = {isa = PBXFileReference; lastKnownFileType = text.json; path = character572.json; sourceTree = "<group>"; };
		E722140229F46EB4007557C8 /* character558.json */ = {isa = PBXFileReference; lastKnownFileType = text.json; path = character558.json; sourceTree = "<group>"; };
		E722140329F46EB6007557C8 /* character548.json */ = {isa = PBXFileReference; lastKnownFileType = text.json; path = character548.json; sourceTree = "<group>"; };
		E722140429F47180007557C8 /* character1715.json */ = {isa = PBXFileReference; lastKnownFileType = text.json; path = character1715.json; sourceTree = "<group>"; };
		E722140529F47181007557C8 /* character1693.json */ = {isa = PBXFileReference; lastKnownFileType = text.json; path = character1693.json; sourceTree = "<group>"; };
		E722140629F47183007557C8 /* character1655.json */ = {isa = PBXFileReference; lastKnownFileType = text.json; path = character1655.json; sourceTree = "<group>"; };
		E722140729F47184007557C8 /* character1443.json */ = {isa = PBXFileReference; lastKnownFileType = text.json; path = character1443.json; sourceTree = "<group>"; };
		E722140829F471A5007557C8 /* character1884.json */ = {isa = PBXFileReference; lastKnownFileType = text.json; path = character1884.json; sourceTree = "<group>"; };
		E77818C929F3140F00B3AF36 /* IceAndFire.app */ = {isa = PBXFileReference; explicitFileType = wrapper.application; includeInIndex = 0; path = IceAndFire.app; sourceTree = BUILT_PRODUCTS_DIR; };
		E77818CC29F3140F00B3AF36 /* IceAndFireApp.swift */ = {isa = PBXFileReference; lastKnownFileType = sourcecode.swift; path = IceAndFireApp.swift; sourceTree = "<group>"; };
		E77818D029F3141200B3AF36 /* Assets.xcassets */ = {isa = PBXFileReference; lastKnownFileType = folder.assetcatalog; path = Assets.xcassets; sourceTree = "<group>"; };
		E77818D929F3141300B3AF36 /* IceAndFireTests.xctest */ = {isa = PBXFileReference; explicitFileType = wrapper.cfbundle; includeInIndex = 0; path = IceAndFireTests.xctest; sourceTree = BUILT_PRODUCTS_DIR; };
		E77818E329F3141300B3AF36 /* IceAndFireUITests.xctest */ = {isa = PBXFileReference; explicitFileType = wrapper.cfbundle; includeInIndex = 0; path = IceAndFireUITests.xctest; sourceTree = BUILT_PRODUCTS_DIR; };
		E77818E729F3141300B3AF36 /* IceAndFireUITests.swift */ = {isa = PBXFileReference; lastKnownFileType = sourcecode.swift; path = IceAndFireUITests.swift; sourceTree = "<group>"; };
		E77818F629F3145900B3AF36 /* House.swift */ = {isa = PBXFileReference; fileEncoding = 4; lastKnownFileType = sourcecode.swift; path = House.swift; sourceTree = "<group>"; };
		E77818F729F3145900B3AF36 /* HouseDetailView.swift */ = {isa = PBXFileReference; fileEncoding = 4; lastKnownFileType = sourcecode.swift; path = HouseDetailView.swift; sourceTree = "<group>"; };
		E77818F829F3145900B3AF36 /* Character.swift */ = {isa = PBXFileReference; fileEncoding = 4; lastKnownFileType = sourcecode.swift; path = Character.swift; sourceTree = "<group>"; };
		E77818F929F3145900B3AF36 /* IceAndFireService.swift */ = {isa = PBXFileReference; fileEncoding = 4; lastKnownFileType = sourcecode.swift; path = IceAndFireService.swift; sourceTree = "<group>"; };
		E77818FA29F3145900B3AF36 /* HousesListView.swift */ = {isa = PBXFileReference; fileEncoding = 4; lastKnownFileType = sourcecode.swift; path = HousesListView.swift; sourceTree = "<group>"; };
		E778190029F3146600B3AF36 /* CharacterTests.swift */ = {isa = PBXFileReference; fileEncoding = 4; lastKnownFileType = sourcecode.swift; path = CharacterTests.swift; sourceTree = "<group>"; };
		E778190629F3146600B3AF36 /* HouseTests.swift */ = {isa = PBXFileReference; fileEncoding = 4; lastKnownFileType = sourcecode.swift; path = HouseTests.swift; sourceTree = "<group>"; };
		E778190729F3146600B3AF36 /* IceAndFireServiceTests.swift */ = {isa = PBXFileReference; fileEncoding = 4; lastKnownFileType = sourcecode.swift; path = IceAndFireServiceTests.swift; sourceTree = "<group>"; };
		E778190F29F31B1E00B3AF36 /* HTTPMethod.swift */ = {isa = PBXFileReference; fileEncoding = 4; lastKnownFileType = sourcecode.swift; path = HTTPMethod.swift; sourceTree = "<group>"; };
		E778191029F31B1E00B3AF36 /* HTTPClient.swift */ = {isa = PBXFileReference; fileEncoding = 4; lastKnownFileType = sourcecode.swift; path = HTTPClient.swift; sourceTree = "<group>"; };
		E778191429F31D4600B3AF36 /* MockURL.swift */ = {isa = PBXFileReference; lastKnownFileType = sourcecode.swift; path = MockURL.swift; sourceTree = "<group>"; };
		E778191A29F32B5900B3AF36 /* HTTPClientTests.swift */ = {isa = PBXFileReference; lastKnownFileType = sourcecode.swift; path = HTTPClientTests.swift; sourceTree = "<group>"; };
		E778192529F33ABC00B3AF36 /* HousesListViewModel.swift */ = {isa = PBXFileReference; lastKnownFileType = sourcecode.swift; path = HousesListViewModel.swift; sourceTree = "<group>"; };
		E778192729F33AC500B3AF36 /* HouseDetailViewModel.swift */ = {isa = PBXFileReference; lastKnownFileType = sourcecode.swift; path = HouseDetailViewModel.swift; sourceTree = "<group>"; };
		E778192A29F34CF100B3AF36 /* String+Regex.swift */ = {isa = PBXFileReference; lastKnownFileType = sourcecode.swift; path = "String+Regex.swift"; sourceTree = "<group>"; };
		E778193129F35CEF00B3AF36 /* HousesListViewModelTests.swift */ = {isa = PBXFileReference; lastKnownFileType = sourcecode.swift; path = HousesListViewModelTests.swift; sourceTree = "<group>"; };
		E778193329F35D5500B3AF36 /* MockIceAndFireService.swift */ = {isa = PBXFileReference; lastKnownFileType = sourcecode.swift; path = MockIceAndFireService.swift; sourceTree = "<group>"; };
		E778193529F361AE00B3AF36 /* House+Mock.swift */ = {isa = PBXFileReference; lastKnownFileType = sourcecode.swift; path = "House+Mock.swift"; sourceTree = "<group>"; };
		E778193729F3634500B3AF36 /* Character+Mock.swift */ = {isa = PBXFileReference; lastKnownFileType = sourcecode.swift; path = "Character+Mock.swift"; sourceTree = "<group>"; };
/* End PBXFileReference section */

/* Begin PBXFrameworksBuildPhase section */
		E77818C629F3140F00B3AF36 /* Frameworks */ = {
			isa = PBXFrameworksBuildPhase;
			buildActionMask = 2147483647;
			files = (
			);
			runOnlyForDeploymentPostprocessing = 0;
		};
		E77818D629F3141300B3AF36 /* Frameworks */ = {
			isa = PBXFrameworksBuildPhase;
			buildActionMask = 2147483647;
			files = (
			);
			runOnlyForDeploymentPostprocessing = 0;
		};
		E77818E029F3141300B3AF36 /* Frameworks */ = {
			isa = PBXFrameworksBuildPhase;
			buildActionMask = 2147483647;
			files = (
			);
			runOnlyForDeploymentPostprocessing = 0;
		};
/* End PBXFrameworksBuildPhase section */

/* Begin PBXGroup section */
		E701B7B229F4A1AD00E8EADC /* DetailItem */ = {
			isa = PBXGroup;
			children = (
				E701B7B329F4A1B800E8EADC /* DetailItem.swift */,
				E701B7B529F4A1F000E8EADC /* DetailPresentable.swift */,
			);
			path = DetailItem;
			sourceTree = "<group>";
		};
		E701B7B729F4B87000E8EADC /* Views */ = {
			isa = PBXGroup;
			children = (
				E701B7B829F4B88400E8EADC /* ErrorView.swift */,
			);
			path = Views;
			sourceTree = "<group>";
		};
		E72213D029F40DDA007557C8 /* MockData */ = {
			isa = PBXGroup;
			children = (
				E722140A29F471C7007557C8 /* Houses */,
				E722140929F471BB007557C8 /* Characters */,
			);
			path = MockData;
			sourceTree = "<group>";
		};
		E722140929F471BB007557C8 /* Characters */ = {
			isa = PBXGroup;
			children = (
				E72213FA29F46E26007557C8 /* character49.json */,
				E72213F929F46E24007557C8 /* character92.json */,
				E72213F829F46E23007557C8 /* character93.json */,
				E72213F729F46E21007557C8 /* character107.json */,
				E72213FC29F46E2A007557C8 /* character144.json */,
				E72213F629F46E20007557C8 /* character223.json */,
				E72213F529F46E1F007557C8 /* character265.json */,
				E72213F429F46E1D007557C8 /* character300.json */,
				E72213F329F46E1C007557C8 /* character356.json */,
				E72213EF29F46D2F007557C8 /* character477.json */,
				E72213F229F46E1B007557C8 /* character508.json */,
				E72213F129F46E1A007557C8 /* character540.json */,
				E722140329F46EB6007557C8 /* character548.json */,
				E722140229F46EB4007557C8 /* character558.json */,
				E722140129F46EB3007557C8 /* character572.json */,
				E722140029F46EB2007557C8 /* character688.json */,
				E72213D229F40DDA007557C8 /* character894.json */,
				E72213FF29F46EB0007557C8 /* character1068.json */,
				E72213FE29F46EAF007557C8 /* character1193.json */,
				E72213FD29F46EAE007557C8 /* character1280.json */,
				E722140729F47184007557C8 /* character1443.json */,
				E722140629F47183007557C8 /* character1655.json */,
				E722140529F47181007557C8 /* character1693.json */,
				E722140429F47180007557C8 /* character1715.json */,
				E722140829F471A5007557C8 /* character1884.json */,
				E72213D329F40DDA007557C8 /* characters.json */,
			);
			path = Characters;
			sourceTree = "<group>";
		};
		E722140A29F471C7007557C8 /* Houses */ = {
			isa = PBXGroup;
			children = (
				E72213FB29F46E28007557C8 /* house6.json */,
				E72213D429F40DDA007557C8 /* house7.json */,
				E72213F029F46DBB007557C8 /* house16.json */,
				E72213D129F40DDA007557C8 /* houses_page1.json */,
				E72213D529F40DDA007557C8 /* houses_page2.json */,
			);
			path = Houses;
			sourceTree = "<group>";
		};
		E77818C029F3140F00B3AF36 = {
			isa = PBXGroup;
			children = (
				E77818CB29F3140F00B3AF36 /* IceAndFire */,
				E77818DC29F3141300B3AF36 /* IceAndFireTests */,
				E77818E629F3141300B3AF36 /* IceAndFireUITests */,
				E701B7C329F4DC2600E8EADC /* .gitignore */,
				E701B7BA29F4C08B00E8EADC /* .github */,
				E701B7BF29F4C3C900E8EADC /* fastlane */,
				E701B7AF29F482AA00E8EADC /* IceAndFire.xctestplan */,
				E77818CA29F3140F00B3AF36 /* Products */,
			);
			sourceTree = "<group>";
		};
		E77818CA29F3140F00B3AF36 /* Products */ = {
			isa = PBXGroup;
			children = (
				E77818C929F3140F00B3AF36 /* IceAndFire.app */,
				E77818D929F3141300B3AF36 /* IceAndFireTests.xctest */,
				E77818E329F3141300B3AF36 /* IceAndFireUITests.xctest */,
			);
			name = Products;
			sourceTree = "<group>";
		};
		E77818CB29F3140F00B3AF36 /* IceAndFire */ = {
			isa = PBXGroup;
			children = (
				E77818D029F3141200B3AF36 /* Assets.xcassets */,
				E778191C29F339AC00B3AF36 /* Modules */,
				E778191D29F33A1800B3AF36 /* Shared */,
				E77818D229F3141200B3AF36 /* Preview + Mock */,
			);
			path = IceAndFire;
			sourceTree = "<group>";
		};
		E77818D229F3141200B3AF36 /* Preview + Mock */ = {
			isa = PBXGroup;
			children = (
				E72213D029F40DDA007557C8 /* MockData */,
				E778193329F35D5500B3AF36 /* MockIceAndFireService.swift */,
				E778193729F3634500B3AF36 /* Character+Mock.swift */,
				E778193529F361AE00B3AF36 /* House+Mock.swift */,
			);
			path = "Preview + Mock";
			sourceTree = "<group>";
		};
		E77818DC29F3141300B3AF36 /* IceAndFireTests */ = {
			isa = PBXGroup;
			children = (
				E778190029F3146600B3AF36 /* CharacterTests.swift */,
				E72213ED29F46BEF007557C8 /* HouseDetailViewModelTests.swift */,
				E778193129F35CEF00B3AF36 /* HousesListViewModelTests.swift */,
				E778190629F3146600B3AF36 /* HouseTests.swift */,
				E778191A29F32B5900B3AF36 /* HTTPClientTests.swift */,
				E778190729F3146600B3AF36 /* IceAndFireServiceTests.swift */,
				E778190129F3146600B3AF36 /* Mock */,
			);
			path = IceAndFireTests;
			sourceTree = "<group>";
		};
		E77818E629F3141300B3AF36 /* IceAndFireUITests */ = {
			isa = PBXGroup;
			children = (
				E77818E729F3141300B3AF36 /* IceAndFireUITests.swift */,
			);
			path = IceAndFireUITests;
			sourceTree = "<group>";
		};
		E778190129F3146600B3AF36 /* Mock */ = {
			isa = PBXGroup;
			children = (
				E778191429F31D4600B3AF36 /* MockURL.swift */,
			);
			path = Mock;
			sourceTree = "<group>";
		};
		E778191C29F339AC00B3AF36 /* Modules */ = {
			isa = PBXGroup;
			children = (
				E778192229F33A7100B3AF36 /* App */,
				E778192329F33A7700B3AF36 /* HousesList */,
				E778192429F33A8C00B3AF36 /* HouseDetail */,
			);
			path = Modules;
			sourceTree = "<group>";
		};
		E778191D29F33A1800B3AF36 /* Shared */ = {
			isa = PBXGroup;
			children = (
				E701B7B729F4B87000E8EADC /* Views */,
				E778192129F33A4B00B3AF36 /* Entities */,
				E778192929F34CDD00B3AF36 /* Extensions */,
				E778191E29F33A2200B3AF36 /* Networking */,
			);
			path = Shared;
			sourceTree = "<group>";
		};
		E778191E29F33A2200B3AF36 /* Networking */ = {
			isa = PBXGroup;
			children = (
				E778191029F31B1E00B3AF36 /* HTTPClient.swift */,
				E778190F29F31B1E00B3AF36 /* HTTPMethod.swift */,
				E77818F929F3145900B3AF36 /* IceAndFireService.swift */,
			);
			path = Networking;
			sourceTree = "<group>";
		};
		E778192129F33A4B00B3AF36 /* Entities */ = {
			isa = PBXGroup;
			children = (
				E72213EB29F46810007557C8 /* ContentState.swift */,
				E77818F829F3145900B3AF36 /* Character.swift */,
				E77818F629F3145900B3AF36 /* House.swift */,
			);
			path = Entities;
			sourceTree = "<group>";
		};
		E778192229F33A7100B3AF36 /* App */ = {
			isa = PBXGroup;
			children = (
				E77818CC29F3140F00B3AF36 /* IceAndFireApp.swift */,
			);
			path = App;
			sourceTree = "<group>";
		};
		E778192329F33A7700B3AF36 /* HousesList */ = {
			isa = PBXGroup;
			children = (
				E77818FA29F3145900B3AF36 /* HousesListView.swift */,
				E778192529F33ABC00B3AF36 /* HousesListViewModel.swift */,
			);
			path = HousesList;
			sourceTree = "<group>";
		};
		E778192429F33A8C00B3AF36 /* HouseDetail */ = {
			isa = PBXGroup;
			children = (
				E701B7B229F4A1AD00E8EADC /* DetailItem */,
				E72213E529F427B9007557C8 /* HouseDetails.swift */,
				E77818F729F3145900B3AF36 /* HouseDetailView.swift */,
				E778192729F33AC500B3AF36 /* HouseDetailViewModel.swift */,
			);
			path = HouseDetail;
			sourceTree = "<group>";
		};
		E778192929F34CDD00B3AF36 /* Extensions */ = {
			isa = PBXGroup;
			children = (
				E778192A29F34CF100B3AF36 /* String+Regex.swift */,
				E72213E129F41B97007557C8 /* View+Alignment.swift */,
				E72213E329F41C82007557C8 /* RequestError+Presentation.swift */,
				E72213E729F46767007557C8 /* Future+Async.swift */,
				E72213E929F4678E007557C8 /* Result+Helper.swift */,
				E701B7B029F4900000E8EADC /* String+Helper.swift */,
			);
			path = Extensions;
			sourceTree = "<group>";
		};
/* End PBXGroup section */

/* Begin PBXNativeTarget section */
		E77818C829F3140F00B3AF36 /* IceAndFire */ = {
			isa = PBXNativeTarget;
			buildConfigurationList = E77818ED29F3141300B3AF36 /* Build configuration list for PBXNativeTarget "IceAndFire" */;
			buildPhases = (
				E77818C529F3140F00B3AF36 /* Sources */,
				E77818C629F3140F00B3AF36 /* Frameworks */,
				E77818C729F3140F00B3AF36 /* Resources */,
			);
			buildRules = (
			);
			dependencies = (
			);
			name = IceAndFire;
			productName = IceAndFire;
			productReference = E77818C929F3140F00B3AF36 /* IceAndFire.app */;
			productType = "com.apple.product-type.application";
		};
		E77818D829F3141300B3AF36 /* IceAndFireTests */ = {
			isa = PBXNativeTarget;
			buildConfigurationList = E77818F029F3141300B3AF36 /* Build configuration list for PBXNativeTarget "IceAndFireTests" */;
			buildPhases = (
				E77818D529F3141300B3AF36 /* Sources */,
				E77818D629F3141300B3AF36 /* Frameworks */,
				E77818D729F3141300B3AF36 /* Resources */,
			);
			buildRules = (
			);
			dependencies = (
				E77818DB29F3141300B3AF36 /* PBXTargetDependency */,
			);
			name = IceAndFireTests;
			productName = IceAndFireTests;
			productReference = E77818D929F3141300B3AF36 /* IceAndFireTests.xctest */;
			productType = "com.apple.product-type.bundle.unit-test";
		};
		E77818E229F3141300B3AF36 /* IceAndFireUITests */ = {
			isa = PBXNativeTarget;
			buildConfigurationList = E77818F329F3141300B3AF36 /* Build configuration list for PBXNativeTarget "IceAndFireUITests" */;
			buildPhases = (
				E77818DF29F3141300B3AF36 /* Sources */,
				E77818E029F3141300B3AF36 /* Frameworks */,
				E77818E129F3141300B3AF36 /* Resources */,
			);
			buildRules = (
			);
			dependencies = (
				E77818E529F3141300B3AF36 /* PBXTargetDependency */,
			);
			name = IceAndFireUITests;
			productName = IceAndFireUITests;
			productReference = E77818E329F3141300B3AF36 /* IceAndFireUITests.xctest */;
			productType = "com.apple.product-type.bundle.ui-testing";
		};
/* End PBXNativeTarget section */

/* Begin PBXProject section */
		E77818C129F3140F00B3AF36 /* Project object */ = {
			isa = PBXProject;
			attributes = {
				BuildIndependentTargetsInParallel = 1;
				LastSwiftUpdateCheck = 1430;
				LastUpgradeCheck = 1430;
				TargetAttributes = {
					E77818C829F3140F00B3AF36 = {
						CreatedOnToolsVersion = 14.3;
					};
					E77818D829F3141300B3AF36 = {
						CreatedOnToolsVersion = 14.3;
						TestTargetID = E77818C829F3140F00B3AF36;
					};
					E77818E229F3141300B3AF36 = {
						CreatedOnToolsVersion = 14.3;
						TestTargetID = E77818C829F3140F00B3AF36;
					};
				};
			};
			buildConfigurationList = E77818C429F3140F00B3AF36 /* Build configuration list for PBXProject "IceAndFire" */;
			compatibilityVersion = "Xcode 14.0";
			developmentRegion = en;
			hasScannedForEncodings = 0;
			knownRegions = (
				en,
				Base,
			);
			mainGroup = E77818C029F3140F00B3AF36;
			productRefGroup = E77818CA29F3140F00B3AF36 /* Products */;
			projectDirPath = "";
			projectRoot = "";
			targets = (
				E77818C829F3140F00B3AF36 /* IceAndFire */,
				E77818D829F3141300B3AF36 /* IceAndFireTests */,
				E77818E229F3141300B3AF36 /* IceAndFireUITests */,
			);
		};
/* End PBXProject section */

/* Begin PBXResourcesBuildPhase section */
		E77818C729F3140F00B3AF36 /* Resources */ = {
			isa = PBXResourcesBuildPhase;
			buildActionMask = 2147483647;
			files = (
				E701B7C029F4C3C900E8EADC /* fastlane in Resources */,
				E722145F29F475C5007557C8 /* character93.json in Resources */,
				E722147929F475CD007557C8 /* house16.json in Resources */,
				E722147429F475C5007557C8 /* character508.json in Resources */,
				E722146429F475C5007557C8 /* character356.json in Resources */,
				E77818D129F3141200B3AF36 /* Assets.xcassets in Resources */,
				E722146729F475C5007557C8 /* character572.json in Resources */,
				E722146229F475C5007557C8 /* character688.json in Resources */,
				E722147829F475CD007557C8 /* houses_page2.json in Resources */,
				E722146929F475C5007557C8 /* character265.json in Resources */,
				E722145E29F475C5007557C8 /* character49.json in Resources */,
				E722146A29F475C5007557C8 /* character894.json in Resources */,
				E722147329F475C5007557C8 /* character1280.json in Resources */,
				E701B7BB29F4C08B00E8EADC /* .github in Resources */,
				E722147029F475C5007557C8 /* character300.json in Resources */,
				E701B7C429F4DC2600E8EADC /* .gitignore in Resources */,
				E722147229F475C5007557C8 /* character1715.json in Resources */,
				E722147B29F475CD007557C8 /* house6.json in Resources */,
				E722146E29F475C5007557C8 /* character1068.json in Resources */,
				E722146629F475C5007557C8 /* character107.json in Resources */,
				E722146129F475C5007557C8 /* character92.json in Resources */,
				E722147129F475C5007557C8 /* characters.json in Resources */,
				E722147529F475C5007557C8 /* character548.json in Resources */,
				E722146B29F475C5007557C8 /* character1193.json in Resources */,
				E722146329F475C5007557C8 /* character1884.json in Resources */,
				E722146C29F475C5007557C8 /* character144.json in Resources */,
				E722146529F475C5007557C8 /* character558.json in Resources */,
				E722146029F475C5007557C8 /* character1655.json in Resources */,
				E722146F29F475C5007557C8 /* character1443.json in Resources */,
				E722147629F475C5007557C8 /* character540.json in Resources */,
				E722147A29F475CD007557C8 /* house7.json in Resources */,
				E722147729F475C5007557C8 /* character223.json in Resources */,
				E722147C29F475CD007557C8 /* houses_page1.json in Resources */,
				E722146D29F475C5007557C8 /* character1693.json in Resources */,
				E722146829F475C5007557C8 /* character477.json in Resources */,
			);
			runOnlyForDeploymentPostprocessing = 0;
		};
		E77818D729F3141300B3AF36 /* Resources */ = {
			isa = PBXResourcesBuildPhase;
			buildActionMask = 2147483647;
			files = (
			);
			runOnlyForDeploymentPostprocessing = 0;
		};
		E77818E129F3141300B3AF36 /* Resources */ = {
			isa = PBXResourcesBuildPhase;
			buildActionMask = 2147483647;
			files = (
			);
			runOnlyForDeploymentPostprocessing = 0;
		};
/* End PBXResourcesBuildPhase section */

/* Begin PBXSourcesBuildPhase section */
		E77818C529F3140F00B3AF36 /* Sources */ = {
			isa = PBXSourcesBuildPhase;
			buildActionMask = 2147483647;
			files = (
				E77818FB29F3145900B3AF36 /* House.swift in Sources */,
				E77818FF29F3145900B3AF36 /* HousesListView.swift in Sources */,
				E778192B29F34CF100B3AF36 /* String+Regex.swift in Sources */,
				E72213CF29F40DA5007557C8 /* House+Mock.swift in Sources */,
				E72213E429F41C82007557C8 /* RequestError+Presentation.swift in Sources */,
				E778191229F31B1E00B3AF36 /* HTTPClient.swift in Sources */,
				E72213D629F40E76007557C8 /* Character+Mock.swift in Sources */,
				E701B7B929F4B88400E8EADC /* ErrorView.swift in Sources */,
				E72213E629F427B9007557C8 /* HouseDetails.swift in Sources */,
				E778191129F31B1E00B3AF36 /* HTTPMethod.swift in Sources */,
				E77818CD29F3140F00B3AF36 /* IceAndFireApp.swift in Sources */,
				E77818FE29F3145900B3AF36 /* IceAndFireService.swift in Sources */,
				E77818FC29F3145900B3AF36 /* HouseDetailView.swift in Sources */,
				E77818FD29F3145900B3AF36 /* Character.swift in Sources */,
				E72213EC29F46810007557C8 /* ContentState.swift in Sources */,
				E778192629F33ABC00B3AF36 /* HousesListViewModel.swift in Sources */,
				E72213EA29F4678E007557C8 /* Result+Helper.swift in Sources */,
				E701B7B129F4900000E8EADC /* String+Helper.swift in Sources */,
				E778192829F33AC500B3AF36 /* HouseDetailViewModel.swift in Sources */,
				E72213E229F41B97007557C8 /* View+Alignment.swift in Sources */,
				E701B7B629F4A1F000E8EADC /* DetailPresentable.swift in Sources */,
				E701B7B429F4A1B800E8EADC /* DetailItem.swift in Sources */,
				E72213CE29F40A1B007557C8 /* MockIceAndFireService.swift in Sources */,
				E72213E829F46767007557C8 /* Future+Async.swift in Sources */,
			);
			runOnlyForDeploymentPostprocessing = 0;
		};
		E77818D529F3141300B3AF36 /* Sources */ = {
			isa = PBXSourcesBuildPhase;
			buildActionMask = 2147483647;
			files = (
				E72213EE29F46BEF007557C8 /* HouseDetailViewModelTests.swift in Sources */,
				E778190E29F3146600B3AF36 /* IceAndFireServiceTests.swift in Sources */,
				E778191B29F32B5900B3AF36 /* HTTPClientTests.swift in Sources */,
				E778191529F31D4600B3AF36 /* MockURL.swift in Sources */,
				E778190D29F3146600B3AF36 /* HouseTests.swift in Sources */,
				E778190829F3146600B3AF36 /* CharacterTests.swift in Sources */,
				E778193229F35CEF00B3AF36 /* HousesListViewModelTests.swift in Sources */,
			);
			runOnlyForDeploymentPostprocessing = 0;
		};
		E77818DF29F3141300B3AF36 /* Sources */ = {
			isa = PBXSourcesBuildPhase;
			buildActionMask = 2147483647;
			files = (
				E77818E829F3141300B3AF36 /* IceAndFireUITests.swift in Sources */,
			);
			runOnlyForDeploymentPostprocessing = 0;
		};
/* End PBXSourcesBuildPhase section */

/* Begin PBXTargetDependency section */
		E77818DB29F3141300B3AF36 /* PBXTargetDependency */ = {
			isa = PBXTargetDependency;
			target = E77818C829F3140F00B3AF36 /* IceAndFire */;
			targetProxy = E77818DA29F3141300B3AF36 /* PBXContainerItemProxy */;
		};
		E77818E529F3141300B3AF36 /* PBXTargetDependency */ = {
			isa = PBXTargetDependency;
			target = E77818C829F3140F00B3AF36 /* IceAndFire */;
			targetProxy = E77818E429F3141300B3AF36 /* PBXContainerItemProxy */;
		};
/* End PBXTargetDependency section */

/* Begin XCBuildConfiguration section */
		E77818EB29F3141300B3AF36 /* Debug */ = {
			isa = XCBuildConfiguration;
			buildSettings = {
				ALWAYS_SEARCH_USER_PATHS = NO;
				CLANG_ANALYZER_NONNULL = YES;
				CLANG_ANALYZER_NUMBER_OBJECT_CONVERSION = YES_AGGRESSIVE;
				CLANG_CXX_LANGUAGE_STANDARD = "gnu++20";
				CLANG_ENABLE_MODULES = YES;
				CLANG_ENABLE_OBJC_ARC = YES;
				CLANG_ENABLE_OBJC_WEAK = YES;
				CLANG_WARN_BLOCK_CAPTURE_AUTORELEASING = YES;
				CLANG_WARN_BOOL_CONVERSION = YES;
				CLANG_WARN_COMMA = YES;
				CLANG_WARN_CONSTANT_CONVERSION = YES;
				CLANG_WARN_DEPRECATED_OBJC_IMPLEMENTATIONS = YES;
				CLANG_WARN_DIRECT_OBJC_ISA_USAGE = YES_ERROR;
				CLANG_WARN_DOCUMENTATION_COMMENTS = YES;
				CLANG_WARN_EMPTY_BODY = YES;
				CLANG_WARN_ENUM_CONVERSION = YES;
				CLANG_WARN_INFINITE_RECURSION = YES;
				CLANG_WARN_INT_CONVERSION = YES;
				CLANG_WARN_NON_LITERAL_NULL_CONVERSION = YES;
				CLANG_WARN_OBJC_IMPLICIT_RETAIN_SELF = YES;
				CLANG_WARN_OBJC_LITERAL_CONVERSION = YES;
				CLANG_WARN_OBJC_ROOT_CLASS = YES_ERROR;
				CLANG_WARN_QUOTED_INCLUDE_IN_FRAMEWORK_HEADER = YES;
				CLANG_WARN_RANGE_LOOP_ANALYSIS = YES;
				CLANG_WARN_STRICT_PROTOTYPES = YES;
				CLANG_WARN_SUSPICIOUS_MOVE = YES;
				CLANG_WARN_UNGUARDED_AVAILABILITY = YES_AGGRESSIVE;
				CLANG_WARN_UNREACHABLE_CODE = YES;
				CLANG_WARN__DUPLICATE_METHOD_MATCH = YES;
				COPY_PHASE_STRIP = NO;
				DEBUG_INFORMATION_FORMAT = dwarf;
				ENABLE_STRICT_OBJC_MSGSEND = YES;
				ENABLE_TESTABILITY = YES;
				GCC_C_LANGUAGE_STANDARD = gnu11;
				GCC_DYNAMIC_NO_PIC = NO;
				GCC_NO_COMMON_BLOCKS = YES;
				GCC_OPTIMIZATION_LEVEL = 0;
				GCC_PREPROCESSOR_DEFINITIONS = (
					"DEBUG=1",
					"$(inherited)",
				);
				GCC_WARN_64_TO_32_BIT_CONVERSION = YES;
				GCC_WARN_ABOUT_RETURN_TYPE = YES_ERROR;
				GCC_WARN_UNDECLARED_SELECTOR = YES;
				GCC_WARN_UNINITIALIZED_AUTOS = YES_AGGRESSIVE;
				GCC_WARN_UNUSED_FUNCTION = YES;
				GCC_WARN_UNUSED_VARIABLE = YES;
				IPHONEOS_DEPLOYMENT_TARGET = 15.0;
				MTL_ENABLE_DEBUG_INFO = INCLUDE_SOURCE;
				MTL_FAST_MATH = YES;
				ONLY_ACTIVE_ARCH = YES;
				SDKROOT = iphoneos;
				SWIFT_ACTIVE_COMPILATION_CONDITIONS = DEBUG;
				SWIFT_OPTIMIZATION_LEVEL = "-Onone";
				SWIFT_PRECOMPILE_BRIDGING_HEADER = NO;
			};
			name = Debug;
		};
		E77818EC29F3141300B3AF36 /* Release */ = {
			isa = XCBuildConfiguration;
			buildSettings = {
				ALWAYS_SEARCH_USER_PATHS = NO;
				CLANG_ANALYZER_NONNULL = YES;
				CLANG_ANALYZER_NUMBER_OBJECT_CONVERSION = YES_AGGRESSIVE;
				CLANG_CXX_LANGUAGE_STANDARD = "gnu++20";
				CLANG_ENABLE_MODULES = YES;
				CLANG_ENABLE_OBJC_ARC = YES;
				CLANG_ENABLE_OBJC_WEAK = YES;
				CLANG_WARN_BLOCK_CAPTURE_AUTORELEASING = YES;
				CLANG_WARN_BOOL_CONVERSION = YES;
				CLANG_WARN_COMMA = YES;
				CLANG_WARN_CONSTANT_CONVERSION = YES;
				CLANG_WARN_DEPRECATED_OBJC_IMPLEMENTATIONS = YES;
				CLANG_WARN_DIRECT_OBJC_ISA_USAGE = YES_ERROR;
				CLANG_WARN_DOCUMENTATION_COMMENTS = YES;
				CLANG_WARN_EMPTY_BODY = YES;
				CLANG_WARN_ENUM_CONVERSION = YES;
				CLANG_WARN_INFINITE_RECURSION = YES;
				CLANG_WARN_INT_CONVERSION = YES;
				CLANG_WARN_NON_LITERAL_NULL_CONVERSION = YES;
				CLANG_WARN_OBJC_IMPLICIT_RETAIN_SELF = YES;
				CLANG_WARN_OBJC_LITERAL_CONVERSION = YES;
				CLANG_WARN_OBJC_ROOT_CLASS = YES_ERROR;
				CLANG_WARN_QUOTED_INCLUDE_IN_FRAMEWORK_HEADER = YES;
				CLANG_WARN_RANGE_LOOP_ANALYSIS = YES;
				CLANG_WARN_STRICT_PROTOTYPES = YES;
				CLANG_WARN_SUSPICIOUS_MOVE = YES;
				CLANG_WARN_UNGUARDED_AVAILABILITY = YES_AGGRESSIVE;
				CLANG_WARN_UNREACHABLE_CODE = YES;
				CLANG_WARN__DUPLICATE_METHOD_MATCH = YES;
				COPY_PHASE_STRIP = NO;
				DEBUG_INFORMATION_FORMAT = "dwarf-with-dsym";
				ENABLE_NS_ASSERTIONS = NO;
				ENABLE_STRICT_OBJC_MSGSEND = YES;
				GCC_C_LANGUAGE_STANDARD = gnu11;
				GCC_NO_COMMON_BLOCKS = YES;
				GCC_WARN_64_TO_32_BIT_CONVERSION = YES;
				GCC_WARN_ABOUT_RETURN_TYPE = YES_ERROR;
				GCC_WARN_UNDECLARED_SELECTOR = YES;
				GCC_WARN_UNINITIALIZED_AUTOS = YES_AGGRESSIVE;
				GCC_WARN_UNUSED_FUNCTION = YES;
				GCC_WARN_UNUSED_VARIABLE = YES;
				IPHONEOS_DEPLOYMENT_TARGET = 15.0;
				MTL_ENABLE_DEBUG_INFO = NO;
				MTL_FAST_MATH = YES;
				SDKROOT = iphoneos;
				SWIFT_COMPILATION_MODE = wholemodule;
				SWIFT_OPTIMIZATION_LEVEL = "-O";
				SWIFT_PRECOMPILE_BRIDGING_HEADER = NO;
				VALIDATE_PRODUCT = YES;
			};
			name = Release;
		};
		E77818EE29F3141300B3AF36 /* Debug */ = {
			isa = XCBuildConfiguration;
			buildSettings = {
				ASSETCATALOG_COMPILER_APPICON_NAME = AppIcon;
				ASSETCATALOG_COMPILER_GLOBAL_ACCENT_COLOR_NAME = AccentColor;
				CODE_SIGN_STYLE = Automatic;
				CURRENT_PROJECT_VERSION = 1;
				DEVELOPMENT_ASSET_PATHS = "\"IceAndFire/Preview + Mock\"";
				DEVELOPMENT_TEAM = TN3QZKXQS6;
				ENABLE_PREVIEWS = YES;
				GENERATE_INFOPLIST_FILE = YES;
				INFOPLIST_KEY_UIApplicationSceneManifest_Generation = YES;
				INFOPLIST_KEY_UIApplicationSupportsIndirectInputEvents = YES;
				INFOPLIST_KEY_UILaunchScreen_Generation = YES;
				INFOPLIST_KEY_UISupportedInterfaceOrientations_iPad = "UIInterfaceOrientationPortrait UIInterfaceOrientationPortraitUpsideDown UIInterfaceOrientationLandscapeLeft UIInterfaceOrientationLandscapeRight";
				INFOPLIST_KEY_UISupportedInterfaceOrientations_iPhone = "UIInterfaceOrientationPortrait UIInterfaceOrientationLandscapeLeft UIInterfaceOrientationLandscapeRight";
				LD_RUNPATH_SEARCH_PATHS = (
					"$(inherited)",
					"@executable_path/Frameworks",
				);
				MARKETING_VERSION = 1.0;
				PRODUCT_BUNDLE_IDENTIFIER = "de.mak.coding-challenges.IceAndFire";
				PRODUCT_NAME = "$(TARGET_NAME)";
				SWIFT_EMIT_LOC_STRINGS = YES;
				SWIFT_VERSION = 5.0;
				TARGETED_DEVICE_FAMILY = "1,2";
			};
			name = Debug;
		};
		E77818EF29F3141300B3AF36 /* Release */ = {
			isa = XCBuildConfiguration;
			buildSettings = {
				ASSETCATALOG_COMPILER_APPICON_NAME = AppIcon;
				ASSETCATALOG_COMPILER_GLOBAL_ACCENT_COLOR_NAME = AccentColor;
				CODE_SIGN_STYLE = Automatic;
				CURRENT_PROJECT_VERSION = 1;
				DEVELOPMENT_ASSET_PATHS = "\"IceAndFire/Preview + Mock\"";
				DEVELOPMENT_TEAM = TN3QZKXQS6;
				ENABLE_PREVIEWS = YES;
				GENERATE_INFOPLIST_FILE = YES;
				INFOPLIST_KEY_UIApplicationSceneManifest_Generation = YES;
				INFOPLIST_KEY_UIApplicationSupportsIndirectInputEvents = YES;
				INFOPLIST_KEY_UILaunchScreen_Generation = YES;
				INFOPLIST_KEY_UISupportedInterfaceOrientations_iPad = "UIInterfaceOrientationPortrait UIInterfaceOrientationPortraitUpsideDown UIInterfaceOrientationLandscapeLeft UIInterfaceOrientationLandscapeRight";
				INFOPLIST_KEY_UISupportedInterfaceOrientations_iPhone = "UIInterfaceOrientationPortrait UIInterfaceOrientationLandscapeLeft UIInterfaceOrientationLandscapeRight";
				LD_RUNPATH_SEARCH_PATHS = (
					"$(inherited)",
					"@executable_path/Frameworks",
				);
				MARKETING_VERSION = 1.0;
				PRODUCT_BUNDLE_IDENTIFIER = "de.mak.coding-challenges.IceAndFire";
				PRODUCT_NAME = "$(TARGET_NAME)";
				SWIFT_EMIT_LOC_STRINGS = YES;
				SWIFT_VERSION = 5.0;
				TARGETED_DEVICE_FAMILY = "1,2";
			};
			name = Release;
		};
		E77818F129F3141300B3AF36 /* Debug */ = {
			isa = XCBuildConfiguration;
			buildSettings = {
				ALWAYS_EMBED_SWIFT_STANDARD_LIBRARIES = YES;
				BUNDLE_LOADER = "$(TEST_HOST)";
				CODE_SIGN_STYLE = Automatic;
				CURRENT_PROJECT_VERSION = 1;
				DEVELOPMENT_TEAM = TN3QZKXQS6;
				GENERATE_INFOPLIST_FILE = YES;
				MARKETING_VERSION = 1.0;
				PRODUCT_BUNDLE_IDENTIFIER = "de.mak.coding-challenges.IceAndFireTests";
				PRODUCT_NAME = "$(TARGET_NAME)";
				SWIFT_EMIT_LOC_STRINGS = NO;
				SWIFT_VERSION = 5.0;
				TARGETED_DEVICE_FAMILY = "1,2";
				TEST_HOST = "$(BUILT_PRODUCTS_DIR)/IceAndFire.app/$(BUNDLE_EXECUTABLE_FOLDER_PATH)/IceAndFire";
			};
			name = Debug;
		};
		E77818F229F3141300B3AF36 /* Release */ = {
			isa = XCBuildConfiguration;
			buildSettings = {
				ALWAYS_EMBED_SWIFT_STANDARD_LIBRARIES = YES;
				BUNDLE_LOADER = "$(TEST_HOST)";
				CODE_SIGN_STYLE = Automatic;
				CURRENT_PROJECT_VERSION = 1;
				DEVELOPMENT_TEAM = TN3QZKXQS6;
				GENERATE_INFOPLIST_FILE = YES;
				MARKETING_VERSION = 1.0;
				PRODUCT_BUNDLE_IDENTIFIER = "de.mak.coding-challenges.IceAndFireTests";
				PRODUCT_NAME = "$(TARGET_NAME)";
				SWIFT_EMIT_LOC_STRINGS = NO;
				SWIFT_VERSION = 5.0;
				TARGETED_DEVICE_FAMILY = "1,2";
				TEST_HOST = "$(BUILT_PRODUCTS_DIR)/IceAndFire.app/$(BUNDLE_EXECUTABLE_FOLDER_PATH)/IceAndFire";
			};
			name = Release;
		};
		E77818F429F3141300B3AF36 /* Debug */ = {
			isa = XCBuildConfiguration;
			buildSettings = {
				ALWAYS_EMBED_SWIFT_STANDARD_LIBRARIES = YES;
				CODE_SIGN_STYLE = Automatic;
				CURRENT_PROJECT_VERSION = 1;
				DEVELOPMENT_TEAM = TN3QZKXQS6;
				GENERATE_INFOPLIST_FILE = YES;
				MARKETING_VERSION = 1.0;
				PRODUCT_BUNDLE_IDENTIFIER = "de.mak.coding-challenges.IceAndFireUITests";
				PRODUCT_NAME = "$(TARGET_NAME)";
				SWIFT_EMIT_LOC_STRINGS = NO;
				SWIFT_VERSION = 5.0;
				TARGETED_DEVICE_FAMILY = "1,2";
				TEST_TARGET_NAME = IceAndFire;
			};
			name = Debug;
		};
		E77818F529F3141300B3AF36 /* Release */ = {
			isa = XCBuildConfiguration;
			buildSettings = {
				ALWAYS_EMBED_SWIFT_STANDARD_LIBRARIES = YES;
				CODE_SIGN_STYLE = Automatic;
				CURRENT_PROJECT_VERSION = 1;
				DEVELOPMENT_TEAM = TN3QZKXQS6;
				GENERATE_INFOPLIST_FILE = YES;
				MARKETING_VERSION = 1.0;
				PRODUCT_BUNDLE_IDENTIFIER = "de.mak.coding-challenges.IceAndFireUITests";
				PRODUCT_NAME = "$(TARGET_NAME)";
				SWIFT_EMIT_LOC_STRINGS = NO;
				SWIFT_VERSION = 5.0;
				TARGETED_DEVICE_FAMILY = "1,2";
				TEST_TARGET_NAME = IceAndFire;
			};
			name = Release;
		};
/* End XCBuildConfiguration section */

/* Begin XCConfigurationList section */
		E77818C429F3140F00B3AF36 /* Build configuration list for PBXProject "IceAndFire" */ = {
			isa = XCConfigurationList;
			buildConfigurations = (
				E77818EB29F3141300B3AF36 /* Debug */,
				E77818EC29F3141300B3AF36 /* Release */,
			);
			defaultConfigurationIsVisible = 0;
			defaultConfigurationName = Release;
		};
		E77818ED29F3141300B3AF36 /* Build configuration list for PBXNativeTarget "IceAndFire" */ = {
			isa = XCConfigurationList;
			buildConfigurations = (
				E77818EE29F3141300B3AF36 /* Debug */,
				E77818EF29F3141300B3AF36 /* Release */,
			);
			defaultConfigurationIsVisible = 0;
			defaultConfigurationName = Release;
		};
		E77818F029F3141300B3AF36 /* Build configuration list for PBXNativeTarget "IceAndFireTests" */ = {
			isa = XCConfigurationList;
			buildConfigurations = (
				E77818F129F3141300B3AF36 /* Debug */,
				E77818F229F3141300B3AF36 /* Release */,
			);
			defaultConfigurationIsVisible = 0;
			defaultConfigurationName = Release;
		};
		E77818F329F3141300B3AF36 /* Build configuration list for PBXNativeTarget "IceAndFireUITests" */ = {
			isa = XCConfigurationList;
			buildConfigurations = (
				E77818F429F3141300B3AF36 /* Debug */,
				E77818F529F3141300B3AF36 /* Release */,
			);
			defaultConfigurationIsVisible = 0;
			defaultConfigurationName = Release;
		};
/* End XCConfigurationList section */
	};
	rootObject = E77818C129F3140F00B3AF36 /* Project object */;
}
