// !$*UTF8*$!
{
	archiveVersion = 1;
	classes = {
	};
	objectVersion = 56;
	objects = {

/* Begin PBXBuildFile section */
		E77818CD29F3140F00B3AF36 /* IceAndFireApp.swift in Sources */ = {isa = PBXBuildFile; fileRef = E77818CC29F3140F00B3AF36 /* IceAndFireApp.swift */; };
		E77818D129F3141200B3AF36 /* Assets.xcassets in Resources */ = {isa = PBXBuildFile; fileRef = E77818D029F3141200B3AF36 /* Assets.xcassets */; };
		E77818D429F3141200B3AF36 /* Preview Assets.xcassets in Resources */ = {isa = PBXBuildFile; fileRef = E77818D329F3141200B3AF36 /* Preview Assets.xcassets */; };
		E77818E829F3141300B3AF36 /* IceAndFireUITests.swift in Sources */ = {isa = PBXBuildFile; fileRef = E77818E729F3141300B3AF36 /* IceAndFireUITests.swift */; };
		E77818FB29F3145900B3AF36 /* House.swift in Sources */ = {isa = PBXBuildFile; fileRef = E77818F629F3145900B3AF36 /* House.swift */; };
		E77818FC29F3145900B3AF36 /* HouseDetailView.swift in Sources */ = {isa = PBXBuildFile; fileRef = E77818F729F3145900B3AF36 /* HouseDetailView.swift */; };
		E77818FD29F3145900B3AF36 /* Character.swift in Sources */ = {isa = PBXBuildFile; fileRef = E77818F829F3145900B3AF36 /* Character.swift */; };
		E77818FE29F3145900B3AF36 /* IceAndFireService.swift in Sources */ = {isa = PBXBuildFile; fileRef = E77818F929F3145900B3AF36 /* IceAndFireService.swift */; };
		E77818FF29F3145900B3AF36 /* HousesListView.swift in Sources */ = {isa = PBXBuildFile; fileRef = E77818FA29F3145900B3AF36 /* HousesListView.swift */; };
		E778190829F3146600B3AF36 /* CharacterTests.swift in Sources */ = {isa = PBXBuildFile; fileRef = E778190029F3146600B3AF36 /* CharacterTests.swift */; };
		E778190929F3146600B3AF36 /* characters.json in Resources */ = {isa = PBXBuildFile; fileRef = E778190229F3146600B3AF36 /* characters.json */; };
		E778190A29F3146600B3AF36 /* houses_page1.json in Resources */ = {isa = PBXBuildFile; fileRef = E778190329F3146600B3AF36 /* houses_page1.json */; };
		E778190B29F3146600B3AF36 /* character894.json in Resources */ = {isa = PBXBuildFile; fileRef = E778190429F3146600B3AF36 /* character894.json */; };
		E778190C29F3146600B3AF36 /* house7.json in Resources */ = {isa = PBXBuildFile; fileRef = E778190529F3146600B3AF36 /* house7.json */; };
		E778190D29F3146600B3AF36 /* HouseTests.swift in Sources */ = {isa = PBXBuildFile; fileRef = E778190629F3146600B3AF36 /* HouseTests.swift */; };
		E778190E29F3146600B3AF36 /* IceAndFireServiceTests.swift in Sources */ = {isa = PBXBuildFile; fileRef = E778190729F3146600B3AF36 /* IceAndFireServiceTests.swift */; };
		E778191129F31B1E00B3AF36 /* HTTPMethod.swift in Sources */ = {isa = PBXBuildFile; fileRef = E778190F29F31B1E00B3AF36 /* HTTPMethod.swift */; };
		E778191229F31B1E00B3AF36 /* HTTPClient.swift in Sources */ = {isa = PBXBuildFile; fileRef = E778191029F31B1E00B3AF36 /* HTTPClient.swift */; };
		E778191529F31D4600B3AF36 /* MockURL.swift in Sources */ = {isa = PBXBuildFile; fileRef = E778191429F31D4600B3AF36 /* MockURL.swift */; };
		E778191929F3221E00B3AF36 /* Bundle+Helper.swift in Sources */ = {isa = PBXBuildFile; fileRef = E778191829F3221E00B3AF36 /* Bundle+Helper.swift */; };
		E778191B29F32B5900B3AF36 /* HTTPClientTests.swift in Sources */ = {isa = PBXBuildFile; fileRef = E778191A29F32B5900B3AF36 /* HTTPClientTests.swift */; };
		E778192629F33ABC00B3AF36 /* HousesListViewModel.swift in Sources */ = {isa = PBXBuildFile; fileRef = E778192529F33ABC00B3AF36 /* HousesListViewModel.swift */; };
		E778192829F33AC500B3AF36 /* HouseDetailViewModel.swift in Sources */ = {isa = PBXBuildFile; fileRef = E778192729F33AC500B3AF36 /* HouseDetailViewModel.swift */; };
		E778192B29F34CF100B3AF36 /* String+Regex.swift in Sources */ = {isa = PBXBuildFile; fileRef = E778192A29F34CF100B3AF36 /* String+Regex.swift */; };
		E778192D29F356D700B3AF36 /* houses_page2.json in Resources */ = {isa = PBXBuildFile; fileRef = E778192C29F3565F00B3AF36 /* houses_page2.json */; };
/* End PBXBuildFile section */

/* Begin PBXContainerItemProxy section */
		E77818DA29F3141300B3AF36 /* PBXContainerItemProxy */ = {
			isa = PBXContainerItemProxy;
			containerPortal = E77818C129F3140F00B3AF36 /* Project object */;
			proxyType = 1;
			remoteGlobalIDString = E77818C829F3140F00B3AF36;
			remoteInfo = IceAndFire;
		};
		E77818E429F3141300B3AF36 /* PBXContainerItemProxy */ = {
			isa = PBXContainerItemProxy;
			containerPortal = E77818C129F3140F00B3AF36 /* Project object */;
			proxyType = 1;
			remoteGlobalIDString = E77818C829F3140F00B3AF36;
			remoteInfo = IceAndFire;
		};
/* End PBXContainerItemProxy section */

/* Begin PBXFileReference section */
		E77818C929F3140F00B3AF36 /* IceAndFire.app */ = {isa = PBXFileReference; explicitFileType = wrapper.application; includeInIndex = 0; path = IceAndFire.app; sourceTree = BUILT_PRODUCTS_DIR; };
		E77818CC29F3140F00B3AF36 /* IceAndFireApp.swift */ = {isa = PBXFileReference; lastKnownFileType = sourcecode.swift; path = IceAndFireApp.swift; sourceTree = "<group>"; };
		E77818D029F3141200B3AF36 /* Assets.xcassets */ = {isa = PBXFileReference; lastKnownFileType = folder.assetcatalog; path = Assets.xcassets; sourceTree = "<group>"; };
		E77818D329F3141200B3AF36 /* Preview Assets.xcassets */ = {isa = PBXFileReference; lastKnownFileType = folder.assetcatalog; path = "Preview Assets.xcassets"; sourceTree = "<group>"; };
		E77818D929F3141300B3AF36 /* IceAndFireTests.xctest */ = {isa = PBXFileReference; explicitFileType = wrapper.cfbundle; includeInIndex = 0; path = IceAndFireTests.xctest; sourceTree = BUILT_PRODUCTS_DIR; };
		E77818E329F3141300B3AF36 /* IceAndFireUITests.xctest */ = {isa = PBXFileReference; explicitFileType = wrapper.cfbundle; includeInIndex = 0; path = IceAndFireUITests.xctest; sourceTree = BUILT_PRODUCTS_DIR; };
		E77818E729F3141300B3AF36 /* IceAndFireUITests.swift */ = {isa = PBXFileReference; lastKnownFileType = sourcecode.swift; path = IceAndFireUITests.swift; sourceTree = "<group>"; };
		E77818F629F3145900B3AF36 /* House.swift */ = {isa = PBXFileReference; fileEncoding = 4; lastKnownFileType = sourcecode.swift; path = House.swift; sourceTree = "<group>"; };
		E77818F729F3145900B3AF36 /* HouseDetailView.swift */ = {isa = PBXFileReference; fileEncoding = 4; lastKnownFileType = sourcecode.swift; path = HouseDetailView.swift; sourceTree = "<group>"; };
		E77818F829F3145900B3AF36 /* Character.swift */ = {isa = PBXFileReference; fileEncoding = 4; lastKnownFileType = sourcecode.swift; path = Character.swift; sourceTree = "<group>"; };
		E77818F929F3145900B3AF36 /* IceAndFireService.swift */ = {isa = PBXFileReference; fileEncoding = 4; lastKnownFileType = sourcecode.swift; path = IceAndFireService.swift; sourceTree = "<group>"; };
		E77818FA29F3145900B3AF36 /* HousesListView.swift */ = {isa = PBXFileReference; fileEncoding = 4; lastKnownFileType = sourcecode.swift; path = HousesListView.swift; sourceTree = "<group>"; };
		E778190029F3146600B3AF36 /* CharacterTests.swift */ = {isa = PBXFileReference; fileEncoding = 4; lastKnownFileType = sourcecode.swift; path = CharacterTests.swift; sourceTree = "<group>"; };
		E778190229F3146600B3AF36 /* characters.json */ = {isa = PBXFileReference; fileEncoding = 4; lastKnownFileType = text.json; path = characters.json; sourceTree = "<group>"; };
		E778190329F3146600B3AF36 /* houses_page1.json */ = {isa = PBXFileReference; fileEncoding = 4; lastKnownFileType = text.json; path = houses_page1.json; sourceTree = "<group>"; };
		E778190429F3146600B3AF36 /* character894.json */ = {isa = PBXFileReference; fileEncoding = 4; lastKnownFileType = text.json; path = character894.json; sourceTree = "<group>"; };
		E778190529F3146600B3AF36 /* house7.json */ = {isa = PBXFileReference; fileEncoding = 4; lastKnownFileType = text.json; path = house7.json; sourceTree = "<group>"; };
		E778190629F3146600B3AF36 /* HouseTests.swift */ = {isa = PBXFileReference; fileEncoding = 4; lastKnownFileType = sourcecode.swift; path = HouseTests.swift; sourceTree = "<group>"; };
		E778190729F3146600B3AF36 /* IceAndFireServiceTests.swift */ = {isa = PBXFileReference; fileEncoding = 4; lastKnownFileType = sourcecode.swift; path = IceAndFireServiceTests.swift; sourceTree = "<group>"; };
		E778190F29F31B1E00B3AF36 /* HTTPMethod.swift */ = {isa = PBXFileReference; fileEncoding = 4; lastKnownFileType = sourcecode.swift; path = HTTPMethod.swift; sourceTree = "<group>"; };
		E778191029F31B1E00B3AF36 /* HTTPClient.swift */ = {isa = PBXFileReference; fileEncoding = 4; lastKnownFileType = sourcecode.swift; path = HTTPClient.swift; sourceTree = "<group>"; };
		E778191429F31D4600B3AF36 /* MockURL.swift */ = {isa = PBXFileReference; lastKnownFileType = sourcecode.swift; name = MockURL.swift; path = ../../../../../../Documents/MockURL.swift; sourceTree = "<group>"; };
		E778191829F3221E00B3AF36 /* Bundle+Helper.swift */ = {isa = PBXFileReference; lastKnownFileType = sourcecode.swift; path = "Bundle+Helper.swift"; sourceTree = "<group>"; };
		E778191A29F32B5900B3AF36 /* HTTPClientTests.swift */ = {isa = PBXFileReference; lastKnownFileType = sourcecode.swift; path = HTTPClientTests.swift; sourceTree = "<group>"; };
		E778192529F33ABC00B3AF36 /* HousesListViewModel.swift */ = {isa = PBXFileReference; lastKnownFileType = sourcecode.swift; path = HousesListViewModel.swift; sourceTree = "<group>"; };
		E778192729F33AC500B3AF36 /* HouseDetailViewModel.swift */ = {isa = PBXFileReference; lastKnownFileType = sourcecode.swift; path = HouseDetailViewModel.swift; sourceTree = "<group>"; };
		E778192A29F34CF100B3AF36 /* String+Regex.swift */ = {isa = PBXFileReference; lastKnownFileType = sourcecode.swift; path = "String+Regex.swift"; sourceTree = "<group>"; };
		E778192C29F3565F00B3AF36 /* houses_page2.json */ = {isa = PBXFileReference; lastKnownFileType = text.json; path = houses_page2.json; sourceTree = "<group>"; };
/* End PBXFileReference section */

/* Begin PBXFrameworksBuildPhase section */
		E77818C629F3140F00B3AF36 /* Frameworks */ = {
			isa = PBXFrameworksBuildPhase;
			buildActionMask = 2147483647;
			files = (
			);
			runOnlyForDeploymentPostprocessing = 0;
		};
		E77818D629F3141300B3AF36 /* Frameworks */ = {
			isa = PBXFrameworksBuildPhase;
			buildActionMask = 2147483647;
			files = (
			);
			runOnlyForDeploymentPostprocessing = 0;
		};
		E77818E029F3141300B3AF36 /* Frameworks */ = {
			isa = PBXFrameworksBuildPhase;
			buildActionMask = 2147483647;
			files = (
			);
			runOnlyForDeploymentPostprocessing = 0;
		};
/* End PBXFrameworksBuildPhase section */

/* Begin PBXGroup section */
		E77818C029F3140F00B3AF36 = {
			isa = PBXGroup;
			children = (
				E77818CB29F3140F00B3AF36 /* IceAndFire */,
				E77818DC29F3141300B3AF36 /* IceAndFireTests */,
				E77818E629F3141300B3AF36 /* IceAndFireUITests */,
				E77818CA29F3140F00B3AF36 /* Products */,
			);
			sourceTree = "<group>";
		};
		E77818CA29F3140F00B3AF36 /* Products */ = {
			isa = PBXGroup;
			children = (
				E77818C929F3140F00B3AF36 /* IceAndFire.app */,
				E77818D929F3141300B3AF36 /* IceAndFireTests.xctest */,
				E77818E329F3141300B3AF36 /* IceAndFireUITests.xctest */,
			);
			name = Products;
			sourceTree = "<group>";
		};
		E77818CB29F3140F00B3AF36 /* IceAndFire */ = {
			isa = PBXGroup;
			children = (
				E77818D029F3141200B3AF36 /* Assets.xcassets */,
				E778191C29F339AC00B3AF36 /* Modules */,
				E778191D29F33A1800B3AF36 /* Shared */,
				E77818D229F3141200B3AF36 /* Preview Content */,
			);
			path = IceAndFire;
			sourceTree = "<group>";
		};
		E77818D229F3141200B3AF36 /* Preview Content */ = {
			isa = PBXGroup;
			children = (
				E77818D329F3141200B3AF36 /* Preview Assets.xcassets */,
			);
			path = "Preview Content";
			sourceTree = "<group>";
		};
		E77818DC29F3141300B3AF36 /* IceAndFireTests */ = {
			isa = PBXGroup;
			children = (
				E778190029F3146600B3AF36 /* CharacterTests.swift */,
				E778190629F3146600B3AF36 /* HouseTests.swift */,
				E778191A29F32B5900B3AF36 /* HTTPClientTests.swift */,
				E778190729F3146600B3AF36 /* IceAndFireServiceTests.swift */,
				E778190129F3146600B3AF36 /* Mock */,
			);
			path = IceAndFireTests;
			sourceTree = "<group>";
		};
		E77818E629F3141300B3AF36 /* IceAndFireUITests */ = {
			isa = PBXGroup;
			children = (
				E77818E729F3141300B3AF36 /* IceAndFireUITests.swift */,
			);
			path = IceAndFireUITests;
			sourceTree = "<group>";
		};
		E778190129F3146600B3AF36 /* Mock */ = {
			isa = PBXGroup;
			children = (
				E778191329F31D2F00B3AF36 /* MockData */,
				E778191429F31D4600B3AF36 /* MockURL.swift */,
				E778191829F3221E00B3AF36 /* Bundle+Helper.swift */,
			);
			path = Mock;
			sourceTree = "<group>";
		};
		E778191329F31D2F00B3AF36 /* MockData */ = {
			isa = PBXGroup;
			children = (
				E778190229F3146600B3AF36 /* characters.json */,
				E778190329F3146600B3AF36 /* houses_page1.json */,
				E778192C29F3565F00B3AF36 /* houses_page2.json */,
				E778190429F3146600B3AF36 /* character894.json */,
				E778190529F3146600B3AF36 /* house7.json */,
			);
			path = MockData;
			sourceTree = "<group>";
		};
		E778191C29F339AC00B3AF36 /* Modules */ = {
			isa = PBXGroup;
			children = (
				E778192229F33A7100B3AF36 /* App */,
				E778192329F33A7700B3AF36 /* HousesList */,
				E778192429F33A8C00B3AF36 /* HouseDetail */,
			);
			path = Modules;
			sourceTree = "<group>";
		};
		E778191D29F33A1800B3AF36 /* Shared */ = {
			isa = PBXGroup;
			children = (
				E778192129F33A4B00B3AF36 /* Entities */,
				E778192929F34CDD00B3AF36 /* Extensions */,
				E778191E29F33A2200B3AF36 /* Networking */,
			);
			path = Shared;
			sourceTree = "<group>";
		};
		E778191E29F33A2200B3AF36 /* Networking */ = {
			isa = PBXGroup;
			children = (
				E778191029F31B1E00B3AF36 /* HTTPClient.swift */,
				E778190F29F31B1E00B3AF36 /* HTTPMethod.swift */,
				E77818F929F3145900B3AF36 /* IceAndFireService.swift */,
			);
			path = Networking;
			sourceTree = "<group>";
		};
		E778192129F33A4B00B3AF36 /* Entities */ = {
			isa = PBXGroup;
			children = (
				E77818F829F3145900B3AF36 /* Character.swift */,
				E77818F629F3145900B3AF36 /* House.swift */,
			);
			path = Entities;
			sourceTree = "<group>";
		};
		E778192229F33A7100B3AF36 /* App */ = {
			isa = PBXGroup;
			children = (
				E77818CC29F3140F00B3AF36 /* IceAndFireApp.swift */,
			);
			path = App;
			sourceTree = "<group>";
		};
		E778192329F33A7700B3AF36 /* HousesList */ = {
			isa = PBXGroup;
			children = (
				E778192529F33ABC00B3AF36 /* HousesListViewModel.swift */,
				E77818FA29F3145900B3AF36 /* HousesListView.swift */,
			);
			path = HousesList;
			sourceTree = "<group>";
		};
		E778192429F33A8C00B3AF36 /* HouseDetail */ = {
			isa = PBXGroup;
			children = (
				E778192729F33AC500B3AF36 /* HouseDetailViewModel.swift */,
				E77818F729F3145900B3AF36 /* HouseDetailView.swift */,
			);
			path = HouseDetail;
			sourceTree = "<group>";
		};
		E778192929F34CDD00B3AF36 /* Extensions */ = {
			isa = PBXGroup;
			children = (
				E778192A29F34CF100B3AF36 /* String+Regex.swift */,
			);
			path = Extensions;
			sourceTree = "<group>";
		};
/* End PBXGroup section */

/* Begin PBXNativeTarget section */
		E77818C829F3140F00B3AF36 /* IceAndFire */ = {
			isa = PBXNativeTarget;
			buildConfigurationList = E77818ED29F3141300B3AF36 /* Build configuration list for PBXNativeTarget "IceAndFire" */;
			buildPhases = (
				E77818C529F3140F00B3AF36 /* Sources */,
				E77818C629F3140F00B3AF36 /* Frameworks */,
				E77818C729F3140F00B3AF36 /* Resources */,
			);
			buildRules = (
			);
			dependencies = (
			);
			name = IceAndFire;
			productName = IceAndFire;
			productReference = E77818C929F3140F00B3AF36 /* IceAndFire.app */;
			productType = "com.apple.product-type.application";
		};
		E77818D829F3141300B3AF36 /* IceAndFireTests */ = {
			isa = PBXNativeTarget;
			buildConfigurationList = E77818F029F3141300B3AF36 /* Build configuration list for PBXNativeTarget "IceAndFireTests" */;
			buildPhases = (
				E77818D529F3141300B3AF36 /* Sources */,
				E77818D629F3141300B3AF36 /* Frameworks */,
				E77818D729F3141300B3AF36 /* Resources */,
			);
			buildRules = (
			);
			dependencies = (
				E77818DB29F3141300B3AF36 /* PBXTargetDependency */,
			);
			name = IceAndFireTests;
			productName = IceAndFireTests;
			productReference = E77818D929F3141300B3AF36 /* IceAndFireTests.xctest */;
			productType = "com.apple.product-type.bundle.unit-test";
		};
		E77818E229F3141300B3AF36 /* IceAndFireUITests */ = {
			isa = PBXNativeTarget;
			buildConfigurationList = E77818F329F3141300B3AF36 /* Build configuration list for PBXNativeTarget "IceAndFireUITests" */;
			buildPhases = (
				E77818DF29F3141300B3AF36 /* Sources */,
				E77818E029F3141300B3AF36 /* Frameworks */,
				E77818E129F3141300B3AF36 /* Resources */,
			);
			buildRules = (
			);
			dependencies = (
				E77818E529F3141300B3AF36 /* PBXTargetDependency */,
			);
			name = IceAndFireUITests;
			productName = IceAndFireUITests;
			productReference = E77818E329F3141300B3AF36 /* IceAndFireUITests.xctest */;
			productType = "com.apple.product-type.bundle.ui-testing";
		};
/* End PBXNativeTarget section */

/* Begin PBXProject section */
		E77818C129F3140F00B3AF36 /* Project object */ = {
			isa = PBXProject;
			attributes = {
				BuildIndependentTargetsInParallel = 1;
				LastSwiftUpdateCheck = 1430;
				LastUpgradeCheck = 1430;
				TargetAttributes = {
					E77818C829F3140F00B3AF36 = {
						CreatedOnToolsVersion = 14.3;
					};
					E77818D829F3141300B3AF36 = {
						CreatedOnToolsVersion = 14.3;
						TestTargetID = E77818C829F3140F00B3AF36;
					};
					E77818E229F3141300B3AF36 = {
						CreatedOnToolsVersion = 14.3;
						TestTargetID = E77818C829F3140F00B3AF36;
					};
				};
			};
			buildConfigurationList = E77818C429F3140F00B3AF36 /* Build configuration list for PBXProject "IceAndFire" */;
			compatibilityVersion = "Xcode 14.0";
			developmentRegion = en;
			hasScannedForEncodings = 0;
			knownRegions = (
				en,
				Base,
			);
			mainGroup = E77818C029F3140F00B3AF36;
			productRefGroup = E77818CA29F3140F00B3AF36 /* Products */;
			projectDirPath = "";
			projectRoot = "";
			targets = (
				E77818C829F3140F00B3AF36 /* IceAndFire */,
				E77818D829F3141300B3AF36 /* IceAndFireTests */,
				E77818E229F3141300B3AF36 /* IceAndFireUITests */,
			);
		};
/* End PBXProject section */

/* Begin PBXResourcesBuildPhase section */
		E77818C729F3140F00B3AF36 /* Resources */ = {
			isa = PBXResourcesBuildPhase;
			buildActionMask = 2147483647;
			files = (
				E77818D429F3141200B3AF36 /* Preview Assets.xcassets in Resources */,
				E77818D129F3141200B3AF36 /* Assets.xcassets in Resources */,
			);
			runOnlyForDeploymentPostprocessing = 0;
		};
		E77818D729F3141300B3AF36 /* Resources */ = {
			isa = PBXResourcesBuildPhase;
			buildActionMask = 2147483647;
			files = (
				E778190B29F3146600B3AF36 /* character894.json in Resources */,
				E778190A29F3146600B3AF36 /* houses_page1.json in Resources */,
				E778190C29F3146600B3AF36 /* house7.json in Resources */,
				E778192D29F356D700B3AF36 /* houses_page2.json in Resources */,
				E778190929F3146600B3AF36 /* characters.json in Resources */,
			);
			runOnlyForDeploymentPostprocessing = 0;
		};
		E77818E129F3141300B3AF36 /* Resources */ = {
			isa = PBXResourcesBuildPhase;
			buildActionMask = 2147483647;
			files = (
			);
			runOnlyForDeploymentPostprocessing = 0;
		};
/* End PBXResourcesBuildPhase section */

/* Begin PBXSourcesBuildPhase section */
		E77818C529F3140F00B3AF36 /* Sources */ = {
			isa = PBXSourcesBuildPhase;
			buildActionMask = 2147483647;
			files = (
				E77818FB29F3145900B3AF36 /* House.swift in Sources */,
				E77818FF29F3145900B3AF36 /* HousesListView.swift in Sources */,
				E778192B29F34CF100B3AF36 /* String+Regex.swift in Sources */,
				E778191229F31B1E00B3AF36 /* HTTPClient.swift in Sources */,
				E778191129F31B1E00B3AF36 /* HTTPMethod.swift in Sources */,
				E77818CD29F3140F00B3AF36 /* IceAndFireApp.swift in Sources */,
				E77818FE29F3145900B3AF36 /* IceAndFireService.swift in Sources */,
				E77818FC29F3145900B3AF36 /* HouseDetailView.swift in Sources */,
				E77818FD29F3145900B3AF36 /* Character.swift in Sources */,
				E778192629F33ABC00B3AF36 /* HousesListViewModel.swift in Sources */,
				E778192829F33AC500B3AF36 /* HouseDetailViewModel.swift in Sources */,
			);
			runOnlyForDeploymentPostprocessing = 0;
		};
		E77818D529F3141300B3AF36 /* Sources */ = {
			isa = PBXSourcesBuildPhase;
			buildActionMask = 2147483647;
			files = (
				E778190E29F3146600B3AF36 /* IceAndFireServiceTests.swift in Sources */,
				E778191929F3221E00B3AF36 /* Bundle+Helper.swift in Sources */,
				E778191B29F32B5900B3AF36 /* HTTPClientTests.swift in Sources */,
				E778191529F31D4600B3AF36 /* MockURL.swift in Sources */,
				E778190D29F3146600B3AF36 /* HouseTests.swift in Sources */,
				E778190829F3146600B3AF36 /* CharacterTests.swift in Sources */,
			);
			runOnlyForDeploymentPostprocessing = 0;
		};
		E77818DF29F3141300B3AF36 /* Sources */ = {
			isa = PBXSourcesBuildPhase;
			buildActionMask = 2147483647;
			files = (
				E77818E829F3141300B3AF36 /* IceAndFireUITests.swift in Sources */,
			);
			runOnlyForDeploymentPostprocessing = 0;
		};
/* End PBXSourcesBuildPhase section */

/* Begin PBXTargetDependency section */
		E77818DB29F3141300B3AF36 /* PBXTargetDependency */ = {
			isa = PBXTargetDependency;
			target = E77818C829F3140F00B3AF36 /* IceAndFire */;
			targetProxy = E77818DA29F3141300B3AF36 /* PBXContainerItemProxy */;
		};
		E77818E529F3141300B3AF36 /* PBXTargetDependency */ = {
			isa = PBXTargetDependency;
			target = E77818C829F3140F00B3AF36 /* IceAndFire */;
			targetProxy = E77818E429F3141300B3AF36 /* PBXContainerItemProxy */;
		};
/* End PBXTargetDependency section */

/* Begin XCBuildConfiguration section */
		E77818EB29F3141300B3AF36 /* Debug */ = {
			isa = XCBuildConfiguration;
			buildSettings = {
				ALWAYS_SEARCH_USER_PATHS = NO;
				CLANG_ANALYZER_NONNULL = YES;
				CLANG_ANALYZER_NUMBER_OBJECT_CONVERSION = YES_AGGRESSIVE;
				CLANG_CXX_LANGUAGE_STANDARD = "gnu++20";
				CLANG_ENABLE_MODULES = YES;
				CLANG_ENABLE_OBJC_ARC = YES;
				CLANG_ENABLE_OBJC_WEAK = YES;
				CLANG_WARN_BLOCK_CAPTURE_AUTORELEASING = YES;
				CLANG_WARN_BOOL_CONVERSION = YES;
				CLANG_WARN_COMMA = YES;
				CLANG_WARN_CONSTANT_CONVERSION = YES;
				CLANG_WARN_DEPRECATED_OBJC_IMPLEMENTATIONS = YES;
				CLANG_WARN_DIRECT_OBJC_ISA_USAGE = YES_ERROR;
				CLANG_WARN_DOCUMENTATION_COMMENTS = YES;
				CLANG_WARN_EMPTY_BODY = YES;
				CLANG_WARN_ENUM_CONVERSION = YES;
				CLANG_WARN_INFINITE_RECURSION = YES;
				CLANG_WARN_INT_CONVERSION = YES;
				CLANG_WARN_NON_LITERAL_NULL_CONVERSION = YES;
				CLANG_WARN_OBJC_IMPLICIT_RETAIN_SELF = YES;
				CLANG_WARN_OBJC_LITERAL_CONVERSION = YES;
				CLANG_WARN_OBJC_ROOT_CLASS = YES_ERROR;
				CLANG_WARN_QUOTED_INCLUDE_IN_FRAMEWORK_HEADER = YES;
				CLANG_WARN_RANGE_LOOP_ANALYSIS = YES;
				CLANG_WARN_STRICT_PROTOTYPES = YES;
				CLANG_WARN_SUSPICIOUS_MOVE = YES;
				CLANG_WARN_UNGUARDED_AVAILABILITY = YES_AGGRESSIVE;
				CLANG_WARN_UNREACHABLE_CODE = YES;
				CLANG_WARN__DUPLICATE_METHOD_MATCH = YES;
				COPY_PHASE_STRIP = NO;
				DEBUG_INFORMATION_FORMAT = dwarf;
				ENABLE_STRICT_OBJC_MSGSEND = YES;
				ENABLE_TESTABILITY = YES;
				GCC_C_LANGUAGE_STANDARD = gnu11;
				GCC_DYNAMIC_NO_PIC = NO;
				GCC_NO_COMMON_BLOCKS = YES;
				GCC_OPTIMIZATION_LEVEL = 0;
				GCC_PREPROCESSOR_DEFINITIONS = (
					"DEBUG=1",
					"$(inherited)",
				);
				GCC_WARN_64_TO_32_BIT_CONVERSION = YES;
				GCC_WARN_ABOUT_RETURN_TYPE = YES_ERROR;
				GCC_WARN_UNDECLARED_SELECTOR = YES;
				GCC_WARN_UNINITIALIZED_AUTOS = YES_AGGRESSIVE;
				GCC_WARN_UNUSED_FUNCTION = YES;
				GCC_WARN_UNUSED_VARIABLE = YES;
				IPHONEOS_DEPLOYMENT_TARGET = 15.0;
				MTL_ENABLE_DEBUG_INFO = INCLUDE_SOURCE;
				MTL_FAST_MATH = YES;
				ONLY_ACTIVE_ARCH = YES;
				SDKROOT = iphoneos;
				SWIFT_ACTIVE_COMPILATION_CONDITIONS = DEBUG;
				SWIFT_OPTIMIZATION_LEVEL = "-Onone";
			};
			name = Debug;
		};
		E77818EC29F3141300B3AF36 /* Release */ = {
			isa = XCBuildConfiguration;
			buildSettings = {
				ALWAYS_SEARCH_USER_PATHS = NO;
				CLANG_ANALYZER_NONNULL = YES;
				CLANG_ANALYZER_NUMBER_OBJECT_CONVERSION = YES_AGGRESSIVE;
				CLANG_CXX_LANGUAGE_STANDARD = "gnu++20";
				CLANG_ENABLE_MODULES = YES;
				CLANG_ENABLE_OBJC_ARC = YES;
				CLANG_ENABLE_OBJC_WEAK = YES;
				CLANG_WARN_BLOCK_CAPTURE_AUTORELEASING = YES;
				CLANG_WARN_BOOL_CONVERSION = YES;
				CLANG_WARN_COMMA = YES;
				CLANG_WARN_CONSTANT_CONVERSION = YES;
				CLANG_WARN_DEPRECATED_OBJC_IMPLEMENTATIONS = YES;
				CLANG_WARN_DIRECT_OBJC_ISA_USAGE = YES_ERROR;
				CLANG_WARN_DOCUMENTATION_COMMENTS = YES;
				CLANG_WARN_EMPTY_BODY = YES;
				CLANG_WARN_ENUM_CONVERSION = YES;
				CLANG_WARN_INFINITE_RECURSION = YES;
				CLANG_WARN_INT_CONVERSION = YES;
				CLANG_WARN_NON_LITERAL_NULL_CONVERSION = YES;
				CLANG_WARN_OBJC_IMPLICIT_RETAIN_SELF = YES;
				CLANG_WARN_OBJC_LITERAL_CONVERSION = YES;
				CLANG_WARN_OBJC_ROOT_CLASS = YES_ERROR;
				CLANG_WARN_QUOTED_INCLUDE_IN_FRAMEWORK_HEADER = YES;
				CLANG_WARN_RANGE_LOOP_ANALYSIS = YES;
				CLANG_WARN_STRICT_PROTOTYPES = YES;
				CLANG_WARN_SUSPICIOUS_MOVE = YES;
				CLANG_WARN_UNGUARDED_AVAILABILITY = YES_AGGRESSIVE;
				CLANG_WARN_UNREACHABLE_CODE = YES;
				CLANG_WARN__DUPLICATE_METHOD_MATCH = YES;
				COPY_PHASE_STRIP = NO;
				DEBUG_INFORMATION_FORMAT = "dwarf-with-dsym";
				ENABLE_NS_ASSERTIONS = NO;
				ENABLE_STRICT_OBJC_MSGSEND = YES;
				GCC_C_LANGUAGE_STANDARD = gnu11;
				GCC_NO_COMMON_BLOCKS = YES;
				GCC_WARN_64_TO_32_BIT_CONVERSION = YES;
				GCC_WARN_ABOUT_RETURN_TYPE = YES_ERROR;
				GCC_WARN_UNDECLARED_SELECTOR = YES;
				GCC_WARN_UNINITIALIZED_AUTOS = YES_AGGRESSIVE;
				GCC_WARN_UNUSED_FUNCTION = YES;
				GCC_WARN_UNUSED_VARIABLE = YES;
				IPHONEOS_DEPLOYMENT_TARGET = 15.0;
				MTL_ENABLE_DEBUG_INFO = NO;
				MTL_FAST_MATH = YES;
				SDKROOT = iphoneos;
				SWIFT_COMPILATION_MODE = wholemodule;
				SWIFT_OPTIMIZATION_LEVEL = "-O";
				VALIDATE_PRODUCT = YES;
			};
			name = Release;
		};
		E77818EE29F3141300B3AF36 /* Debug */ = {
			isa = XCBuildConfiguration;
			buildSettings = {
				ASSETCATALOG_COMPILER_APPICON_NAME = AppIcon;
				ASSETCATALOG_COMPILER_GLOBAL_ACCENT_COLOR_NAME = AccentColor;
				CODE_SIGN_STYLE = Automatic;
				CURRENT_PROJECT_VERSION = 1;
				DEVELOPMENT_ASSET_PATHS = "\"IceAndFire/Preview Content\"";
				DEVELOPMENT_TEAM = TN3QZKXQS6;
				ENABLE_PREVIEWS = YES;
				GENERATE_INFOPLIST_FILE = YES;
				INFOPLIST_KEY_UIApplicationSceneManifest_Generation = YES;
				INFOPLIST_KEY_UIApplicationSupportsIndirectInputEvents = YES;
				INFOPLIST_KEY_UILaunchScreen_Generation = YES;
				INFOPLIST_KEY_UISupportedInterfaceOrientations_iPad = "UIInterfaceOrientationPortrait UIInterfaceOrientationPortraitUpsideDown UIInterfaceOrientationLandscapeLeft UIInterfaceOrientationLandscapeRight";
				INFOPLIST_KEY_UISupportedInterfaceOrientations_iPhone = "UIInterfaceOrientationPortrait UIInterfaceOrientationLandscapeLeft UIInterfaceOrientationLandscapeRight";
				LD_RUNPATH_SEARCH_PATHS = (
					"$(inherited)",
					"@executable_path/Frameworks",
				);
				MARKETING_VERSION = 1.0;
				PRODUCT_BUNDLE_IDENTIFIER = "de.mak.coding-challenges.IceAndFire";
				PRODUCT_NAME = "$(TARGET_NAME)";
				SWIFT_EMIT_LOC_STRINGS = YES;
				SWIFT_VERSION = 5.0;
				TARGETED_DEVICE_FAMILY = "1,2";
			};
			name = Debug;
		};
		E77818EF29F3141300B3AF36 /* Release */ = {
			isa = XCBuildConfiguration;
			buildSettings = {
				ASSETCATALOG_COMPILER_APPICON_NAME = AppIcon;
				ASSETCATALOG_COMPILER_GLOBAL_ACCENT_COLOR_NAME = AccentColor;
				CODE_SIGN_STYLE = Automatic;
				CURRENT_PROJECT_VERSION = 1;
				DEVELOPMENT_ASSET_PATHS = "\"IceAndFire/Preview Content\"";
				DEVELOPMENT_TEAM = TN3QZKXQS6;
				ENABLE_PREVIEWS = YES;
				GENERATE_INFOPLIST_FILE = YES;
				INFOPLIST_KEY_UIApplicationSceneManifest_Generation = YES;
				INFOPLIST_KEY_UIApplicationSupportsIndirectInputEvents = YES;
				INFOPLIST_KEY_UILaunchScreen_Generation = YES;
				INFOPLIST_KEY_UISupportedInterfaceOrientations_iPad = "UIInterfaceOrientationPortrait UIInterfaceOrientationPortraitUpsideDown UIInterfaceOrientationLandscapeLeft UIInterfaceOrientationLandscapeRight";
				INFOPLIST_KEY_UISupportedInterfaceOrientations_iPhone = "UIInterfaceOrientationPortrait UIInterfaceOrientationLandscapeLeft UIInterfaceOrientationLandscapeRight";
				LD_RUNPATH_SEARCH_PATHS = (
					"$(inherited)",
					"@executable_path/Frameworks",
				);
				MARKETING_VERSION = 1.0;
				PRODUCT_BUNDLE_IDENTIFIER = "de.mak.coding-challenges.IceAndFire";
				PRODUCT_NAME = "$(TARGET_NAME)";
				SWIFT_EMIT_LOC_STRINGS = YES;
				SWIFT_VERSION = 5.0;
				TARGETED_DEVICE_FAMILY = "1,2";
			};
			name = Release;
		};
		E77818F129F3141300B3AF36 /* Debug */ = {
			isa = XCBuildConfiguration;
			buildSettings = {
				ALWAYS_EMBED_SWIFT_STANDARD_LIBRARIES = YES;
				BUNDLE_LOADER = "$(TEST_HOST)";
				CODE_SIGN_STYLE = Automatic;
				CURRENT_PROJECT_VERSION = 1;
				DEVELOPMENT_TEAM = TN3QZKXQS6;
				GENERATE_INFOPLIST_FILE = YES;
				MARKETING_VERSION = 1.0;
				PRODUCT_BUNDLE_IDENTIFIER = "de.mak.coding-challenges.IceAndFireTests";
				PRODUCT_NAME = "$(TARGET_NAME)";
				SWIFT_EMIT_LOC_STRINGS = NO;
				SWIFT_VERSION = 5.0;
				TARGETED_DEVICE_FAMILY = "1,2";
				TEST_HOST = "$(BUILT_PRODUCTS_DIR)/IceAndFire.app/$(BUNDLE_EXECUTABLE_FOLDER_PATH)/IceAndFire";
			};
			name = Debug;
		};
		E77818F229F3141300B3AF36 /* Release */ = {
			isa = XCBuildConfiguration;
			buildSettings = {
				ALWAYS_EMBED_SWIFT_STANDARD_LIBRARIES = YES;
				BUNDLE_LOADER = "$(TEST_HOST)";
				CODE_SIGN_STYLE = Automatic;
				CURRENT_PROJECT_VERSION = 1;
				DEVELOPMENT_TEAM = TN3QZKXQS6;
				GENERATE_INFOPLIST_FILE = YES;
				MARKETING_VERSION = 1.0;
				PRODUCT_BUNDLE_IDENTIFIER = "de.mak.coding-challenges.IceAndFireTests";
				PRODUCT_NAME = "$(TARGET_NAME)";
				SWIFT_EMIT_LOC_STRINGS = NO;
				SWIFT_VERSION = 5.0;
				TARGETED_DEVICE_FAMILY = "1,2";
				TEST_HOST = "$(BUILT_PRODUCTS_DIR)/IceAndFire.app/$(BUNDLE_EXECUTABLE_FOLDER_PATH)/IceAndFire";
			};
			name = Release;
		};
		E77818F429F3141300B3AF36 /* Debug */ = {
			isa = XCBuildConfiguration;
			buildSettings = {
				ALWAYS_EMBED_SWIFT_STANDARD_LIBRARIES = YES;
				CODE_SIGN_STYLE = Automatic;
				CURRENT_PROJECT_VERSION = 1;
				DEVELOPMENT_TEAM = TN3QZKXQS6;
				GENERATE_INFOPLIST_FILE = YES;
				MARKETING_VERSION = 1.0;
				PRODUCT_BUNDLE_IDENTIFIER = "de.mak.coding-challenges.IceAndFireUITests";
				PRODUCT_NAME = "$(TARGET_NAME)";
				SWIFT_EMIT_LOC_STRINGS = NO;
				SWIFT_VERSION = 5.0;
				TARGETED_DEVICE_FAMILY = "1,2";
				TEST_TARGET_NAME = IceAndFire;
			};
			name = Debug;
		};
		E77818F529F3141300B3AF36 /* Release */ = {
			isa = XCBuildConfiguration;
			buildSettings = {
				ALWAYS_EMBED_SWIFT_STANDARD_LIBRARIES = YES;
				CODE_SIGN_STYLE = Automatic;
				CURRENT_PROJECT_VERSION = 1;
				DEVELOPMENT_TEAM = TN3QZKXQS6;
				GENERATE_INFOPLIST_FILE = YES;
				MARKETING_VERSION = 1.0;
				PRODUCT_BUNDLE_IDENTIFIER = "de.mak.coding-challenges.IceAndFireUITests";
				PRODUCT_NAME = "$(TARGET_NAME)";
				SWIFT_EMIT_LOC_STRINGS = NO;
				SWIFT_VERSION = 5.0;
				TARGETED_DEVICE_FAMILY = "1,2";
				TEST_TARGET_NAME = IceAndFire;
			};
			name = Release;
		};
/* End XCBuildConfiguration section */

/* Begin XCConfigurationList section */
		E77818C429F3140F00B3AF36 /* Build configuration list for PBXProject "IceAndFire" */ = {
			isa = XCConfigurationList;
			buildConfigurations = (
				E77818EB29F3141300B3AF36 /* Debug */,
				E77818EC29F3141300B3AF36 /* Release */,
			);
			defaultConfigurationIsVisible = 0;
			defaultConfigurationName = Release;
		};
		E77818ED29F3141300B3AF36 /* Build configuration list for PBXNativeTarget "IceAndFire" */ = {
			isa = XCConfigurationList;
			buildConfigurations = (
				E77818EE29F3141300B3AF36 /* Debug */,
				E77818EF29F3141300B3AF36 /* Release */,
			);
			defaultConfigurationIsVisible = 0;
			defaultConfigurationName = Release;
		};
		E77818F029F3141300B3AF36 /* Build configuration list for PBXNativeTarget "IceAndFireTests" */ = {
			isa = XCConfigurationList;
			buildConfigurations = (
				E77818F129F3141300B3AF36 /* Debug */,
				E77818F229F3141300B3AF36 /* Release */,
			);
			defaultConfigurationIsVisible = 0;
			defaultConfigurationName = Release;
		};
		E77818F329F3141300B3AF36 /* Build configuration list for PBXNativeTarget "IceAndFireUITests" */ = {
			isa = XCConfigurationList;
			buildConfigurations = (
				E77818F429F3141300B3AF36 /* Debug */,
				E77818F529F3141300B3AF36 /* Release */,
			);
			defaultConfigurationIsVisible = 0;
			defaultConfigurationName = Release;
		};
/* End XCConfigurationList section */
	};
	rootObject = E77818C129F3140F00B3AF36 /* Project object */;
}
